{
  "version": 4,
  "terraform_version": "1.6.2",
  "serial": 3212,
  "lineage": "8025032f-78ff-16f0-603b-d3b28b225858",
  "outputs": {},
  "resources": [
    {
      "mode": "data",
      "type": "google_compute_network",
      "name": "default_network",
      "provider": "provider[\"registry.terraform.io/hashicorp/google\"]",
      "instances": [
        {
          "schema_version": 0,
          "attributes": {
            "description": "Default network for the project",
            "gateway_ipv4": "",
            "id": "projects/adminsistemas-401916/global/networks/default",
            "name": "default",
            "project": null,
            "self_link": "https://www.googleapis.com/compute/v1/projects/adminsistemas-401916/global/networks/default",
            "subnetworks_self_links": [
              "https://www.googleapis.com/compute/v1/projects/adminsistemas-401916/regions/australia-southeast2/subnetworks/default",
              "https://www.googleapis.com/compute/v1/projects/adminsistemas-401916/regions/us-west8/subnetworks/default",
              "https://www.googleapis.com/compute/v1/projects/adminsistemas-401916/regions/me-central2/subnetworks/default",
              "https://www.googleapis.com/compute/v1/projects/adminsistemas-401916/regions/us-east7/subnetworks/default",
              "https://www.googleapis.com/compute/v1/projects/adminsistemas-401916/regions/asia-northeast1/subnetworks/default",
              "https://www.googleapis.com/compute/v1/projects/adminsistemas-401916/regions/asia-northeast3/subnetworks/default",
              "https://www.googleapis.com/compute/v1/projects/adminsistemas-401916/regions/us-south1/subnetworks/default",
              "https://www.googleapis.com/compute/v1/projects/adminsistemas-401916/regions/africa-south1/subnetworks/default",
              "https://www.googleapis.com/compute/v1/projects/adminsistemas-401916/regions/us-west1/subnetworks/default",
              "https://www.googleapis.com/compute/v1/projects/adminsistemas-401916/regions/us-east1/subnetworks/default",
              "https://www.googleapis.com/compute/v1/projects/adminsistemas-401916/regions/southamerica-east1/subnetworks/default",
              "https://www.googleapis.com/compute/v1/projects/adminsistemas-401916/regions/europe-central2/subnetworks/default",
              "https://www.googleapis.com/compute/v1/projects/adminsistemas-401916/regions/asia-northeast2/subnetworks/default",
              "https://www.googleapis.com/compute/v1/projects/adminsistemas-401916/regions/northamerica-northeast1/subnetworks/default",
              "https://www.googleapis.com/compute/v1/projects/adminsistemas-401916/regions/asia-east2/subnetworks/default",
              "https://www.googleapis.com/compute/v1/projects/adminsistemas-401916/regions/us-central1/subnetworks/default",
              "https://www.googleapis.com/compute/v1/projects/adminsistemas-401916/regions/asia-southeast2/subnetworks/default",
              "https://www.googleapis.com/compute/v1/projects/adminsistemas-401916/regions/europe-west1/subnetworks/default",
              "https://www.googleapis.com/compute/v1/projects/adminsistemas-401916/regions/me-central1/subnetworks/default",
              "https://www.googleapis.com/compute/v1/projects/adminsistemas-401916/regions/us-west2/subnetworks/default",
              "https://www.googleapis.com/compute/v1/projects/adminsistemas-401916/regions/europe-west8/subnetworks/default",
              "https://www.googleapis.com/compute/v1/projects/adminsistemas-401916/regions/europe-west10/subnetworks/default",
              "https://www.googleapis.com/compute/v1/projects/adminsistemas-401916/regions/us-east5/subnetworks/default",
              "https://www.googleapis.com/compute/v1/projects/adminsistemas-401916/regions/europe-west9/subnetworks/default",
              "https://www.googleapis.com/compute/v1/projects/adminsistemas-401916/regions/northamerica-northeast2/subnetworks/default",
              "https://www.googleapis.com/compute/v1/projects/adminsistemas-401916/regions/us-west3/subnetworks/default",
              "https://www.googleapis.com/compute/v1/projects/adminsistemas-401916/regions/europe-west4/subnetworks/default",
              "https://www.googleapis.com/compute/v1/projects/adminsistemas-401916/regions/asia-southeast1/subnetworks/default",
              "https://www.googleapis.com/compute/v1/projects/adminsistemas-401916/regions/europe-west6/subnetworks/default",
              "https://www.googleapis.com/compute/v1/projects/adminsistemas-401916/regions/me-west1/subnetworks/default",
              "https://www.googleapis.com/compute/v1/projects/adminsistemas-401916/regions/southamerica-west1/subnetworks/default",
              "https://www.googleapis.com/compute/v1/projects/adminsistemas-401916/regions/europe-west2/subnetworks/default",
              "https://www.googleapis.com/compute/v1/projects/adminsistemas-401916/regions/asia-south2/subnetworks/default",
              "https://www.googleapis.com/compute/v1/projects/adminsistemas-401916/regions/asia-east1/subnetworks/default",
              "https://www.googleapis.com/compute/v1/projects/adminsistemas-401916/regions/us-west4/subnetworks/default",
              "https://www.googleapis.com/compute/v1/projects/adminsistemas-401916/regions/us-east4/subnetworks/default",
              "https://www.googleapis.com/compute/v1/projects/adminsistemas-401916/regions/europe-north1/subnetworks/default",
              "https://www.googleapis.com/compute/v1/projects/adminsistemas-401916/regions/europe-west3/subnetworks/default",
              "https://www.googleapis.com/compute/v1/projects/adminsistemas-401916/regions/asia-south1/subnetworks/default",
              "https://www.googleapis.com/compute/v1/projects/adminsistemas-401916/regions/europe-west12/subnetworks/default",
              "https://www.googleapis.com/compute/v1/projects/adminsistemas-401916/regions/europe-southwest1/subnetworks/default",
              "https://www.googleapis.com/compute/v1/projects/adminsistemas-401916/regions/australia-southeast1/subnetworks/default"
            ]
          },
          "sensitive_attributes": []
        }
      ]
    },
    {
      "mode": "data",
      "type": "google_compute_subnetwork",
      "name": "default_subnetwork",
      "provider": "provider[\"registry.terraform.io/hashicorp/google\"]",
      "instances": [
        {
          "schema_version": 0,
          "attributes": {
            "description": "",
            "gateway_address": "10.204.0.1",
            "id": "projects/adminsistemas-401916/regions/europe-southwest1/subnetworks/default",
            "ip_cidr_range": "10.204.0.0/20",
            "name": "default",
            "network": "https://www.googleapis.com/compute/v1/projects/adminsistemas-401916/global/networks/default",
            "private_ip_google_access": false,
            "project": "adminsistemas-401916",
            "region": "europe-southwest1",
            "secondary_ip_range": [],
            "self_link": "https://www.googleapis.com/compute/v1/projects/adminsistemas-401916/regions/europe-southwest1/subnetworks/default"
          },
          "sensitive_attributes": []
        }
      ]
    },
    {
      "mode": "managed",
      "type": "google_compute_address",
      "name": "client_1_ip_external",
      "provider": "provider[\"registry.terraform.io/hashicorp/google\"]",
      "instances": [
        {
          "schema_version": 0,
          "attributes": {
            "address": "34.175.135.40",
            "address_type": "EXTERNAL",
            "creation_timestamp": "2023-12-09T08:06:06.682-08:00",
            "description": "",
            "effective_labels": {},
            "id": "projects/adminsistemas-401916/regions/europe-southwest1/addresses/client-1-ip-external",
            "ip_version": "",
            "ipv6_endpoint_type": "",
            "label_fingerprint": "42WmSpB8rSM=",
            "labels": null,
            "name": "client-1-ip-external",
            "network": "",
            "network_tier": "PREMIUM",
            "prefix_length": 0,
            "project": "adminsistemas-401916",
            "purpose": "",
            "region": "europe-southwest1",
            "self_link": "https://www.googleapis.com/compute/v1/projects/adminsistemas-401916/regions/europe-southwest1/addresses/client-1-ip-external",
            "subnetwork": "",
            "terraform_labels": {},
            "timeouts": null,
            "users": []
          },
          "sensitive_attributes": [],
          "private": "eyJlMmJmYjczMC1lY2FhLTExZTYtOGY4OC0zNDM2M2JjN2M0YzAiOnsiY3JlYXRlIjoxMjAwMDAwMDAwMDAwLCJkZWxldGUiOjEyMDAwMDAwMDAwMDAsInVwZGF0ZSI6MTIwMDAwMDAwMDAwMH19"
        }
      ]
    },
    {
      "mode": "managed",
      "type": "google_compute_address",
      "name": "client_1_ip_internal",
      "provider": "provider[\"registry.terraform.io/hashicorp/google\"]",
      "instances": [
        {
          "schema_version": 0,
          "attributes": {
            "address": "10.204.15.226",
            "address_type": "INTERNAL",
            "creation_timestamp": "2023-12-09T08:06:17.883-08:00",
            "description": "",
            "effective_labels": {},
            "id": "projects/adminsistemas-401916/regions/europe-southwest1/addresses/client-1-ip-internal",
            "ip_version": "",
            "ipv6_endpoint_type": "",
            "label_fingerprint": "42WmSpB8rSM=",
            "labels": null,
            "name": "client-1-ip-internal",
            "network": "",
            "network_tier": "PREMIUM",
            "prefix_length": 0,
            "project": "adminsistemas-401916",
            "purpose": "GCE_ENDPOINT",
            "region": "europe-southwest1",
            "self_link": "https://www.googleapis.com/compute/v1/projects/adminsistemas-401916/regions/europe-southwest1/addresses/client-1-ip-internal",
            "subnetwork": "https://www.googleapis.com/compute/v1/projects/adminsistemas-401916/regions/europe-southwest1/subnetworks/default",
            "terraform_labels": {},
            "timeouts": null,
            "users": []
          },
          "sensitive_attributes": [],
          "private": "eyJlMmJmYjczMC1lY2FhLTExZTYtOGY4OC0zNDM2M2JjN2M0YzAiOnsiY3JlYXRlIjoxMjAwMDAwMDAwMDAwLCJkZWxldGUiOjEyMDAwMDAwMDAwMDAsInVwZGF0ZSI6MTIwMDAwMDAwMDAwMH19",
          "dependencies": [
            "data.google_compute_subnetwork.default_subnetwork"
          ]
        }
      ]
    },
    {
      "mode": "managed",
      "type": "google_compute_address",
      "name": "mgr_1_ip_external",
      "provider": "provider[\"registry.terraform.io/hashicorp/google\"]",
      "instances": [
        {
          "schema_version": 0,
          "attributes": {
            "address": "34.175.48.224",
            "address_type": "EXTERNAL",
            "creation_timestamp": "2023-12-09T08:06:06.707-08:00",
            "description": "",
            "effective_labels": {},
            "id": "projects/adminsistemas-401916/regions/europe-southwest1/addresses/mgr-1-ip-external",
            "ip_version": "",
            "ipv6_endpoint_type": "",
            "label_fingerprint": "42WmSpB8rSM=",
            "labels": null,
            "name": "mgr-1-ip-external",
            "network": "",
            "network_tier": "PREMIUM",
            "prefix_length": 0,
            "project": "adminsistemas-401916",
            "purpose": "",
            "region": "europe-southwest1",
            "self_link": "https://www.googleapis.com/compute/v1/projects/adminsistemas-401916/regions/europe-southwest1/addresses/mgr-1-ip-external",
            "subnetwork": "",
            "terraform_labels": {},
            "timeouts": null,
            "users": []
          },
          "sensitive_attributes": [],
          "private": "eyJlMmJmYjczMC1lY2FhLTExZTYtOGY4OC0zNDM2M2JjN2M0YzAiOnsiY3JlYXRlIjoxMjAwMDAwMDAwMDAwLCJkZWxldGUiOjEyMDAwMDAwMDAwMDAsInVwZGF0ZSI6MTIwMDAwMDAwMDAwMH19"
        }
      ]
    },
    {
      "mode": "managed",
      "type": "google_compute_address",
      "name": "mgr_1_ip_internal",
      "provider": "provider[\"registry.terraform.io/hashicorp/google\"]",
      "instances": [
        {
          "schema_version": 0,
          "attributes": {
            "address": "10.204.15.224",
            "address_type": "INTERNAL",
            "creation_timestamp": "2023-12-09T08:06:06.687-08:00",
            "description": "",
            "effective_labels": {},
            "id": "projects/adminsistemas-401916/regions/europe-southwest1/addresses/mgr-1-ip-internal",
            "ip_version": "",
            "ipv6_endpoint_type": "",
            "label_fingerprint": "42WmSpB8rSM=",
            "labels": null,
            "name": "mgr-1-ip-internal",
            "network": "",
            "network_tier": "PREMIUM",
            "prefix_length": 0,
            "project": "adminsistemas-401916",
            "purpose": "GCE_ENDPOINT",
            "region": "europe-southwest1",
            "self_link": "https://www.googleapis.com/compute/v1/projects/adminsistemas-401916/regions/europe-southwest1/addresses/mgr-1-ip-internal",
            "subnetwork": "https://www.googleapis.com/compute/v1/projects/adminsistemas-401916/regions/europe-southwest1/subnetworks/default",
            "terraform_labels": {},
            "timeouts": null,
            "users": []
          },
          "sensitive_attributes": [],
          "private": "eyJlMmJmYjczMC1lY2FhLTExZTYtOGY4OC0zNDM2M2JjN2M0YzAiOnsiY3JlYXRlIjoxMjAwMDAwMDAwMDAwLCJkZWxldGUiOjEyMDAwMDAwMDAwMDAsInVwZGF0ZSI6MTIwMDAwMDAwMDAwMH19",
          "dependencies": [
            "data.google_compute_subnetwork.default_subnetwork"
          ]
        }
      ]
    },
    {
      "mode": "managed",
      "type": "google_compute_address",
      "name": "mon_1_ip_external",
      "provider": "provider[\"registry.terraform.io/hashicorp/google\"]",
      "instances": [
        {
          "schema_version": 0,
          "attributes": {
            "address": "34.175.14.45",
            "address_type": "EXTERNAL",
            "creation_timestamp": "2023-12-09T08:06:06.687-08:00",
            "description": "",
            "effective_labels": {},
            "id": "projects/adminsistemas-401916/regions/europe-southwest1/addresses/mon-1-ip-external",
            "ip_version": "",
            "ipv6_endpoint_type": "",
            "label_fingerprint": "42WmSpB8rSM=",
            "labels": null,
            "name": "mon-1-ip-external",
            "network": "",
            "network_tier": "PREMIUM",
            "prefix_length": 0,
            "project": "adminsistemas-401916",
            "purpose": "",
            "region": "europe-southwest1",
            "self_link": "https://www.googleapis.com/compute/v1/projects/adminsistemas-401916/regions/europe-southwest1/addresses/mon-1-ip-external",
            "subnetwork": "",
            "terraform_labels": {},
            "timeouts": null,
            "users": []
          },
          "sensitive_attributes": [],
          "private": "eyJlMmJmYjczMC1lY2FhLTExZTYtOGY4OC0zNDM2M2JjN2M0YzAiOnsiY3JlYXRlIjoxMjAwMDAwMDAwMDAwLCJkZWxldGUiOjEyMDAwMDAwMDAwMDAsInVwZGF0ZSI6MTIwMDAwMDAwMDAwMH19"
        }
      ]
    },
    {
      "mode": "managed",
      "type": "google_compute_address",
      "name": "mon_1_ip_internal",
      "provider": "provider[\"registry.terraform.io/hashicorp/google\"]",
      "instances": [
        {
          "schema_version": 0,
          "attributes": {
            "address": "10.204.15.225",
            "address_type": "INTERNAL",
            "creation_timestamp": "2023-12-09T08:06:17.907-08:00",
            "description": "",
            "effective_labels": {},
            "id": "projects/adminsistemas-401916/regions/europe-southwest1/addresses/mon-1-ip-internal",
            "ip_version": "",
            "ipv6_endpoint_type": "",
            "label_fingerprint": "42WmSpB8rSM=",
            "labels": null,
            "name": "mon-1-ip-internal",
            "network": "",
            "network_tier": "PREMIUM",
            "prefix_length": 0,
            "project": "adminsistemas-401916",
            "purpose": "GCE_ENDPOINT",
            "region": "europe-southwest1",
            "self_link": "https://www.googleapis.com/compute/v1/projects/adminsistemas-401916/regions/europe-southwest1/addresses/mon-1-ip-internal",
            "subnetwork": "https://www.googleapis.com/compute/v1/projects/adminsistemas-401916/regions/europe-southwest1/subnetworks/default",
            "terraform_labels": {},
            "timeouts": null,
            "users": []
          },
          "sensitive_attributes": [],
          "private": "eyJlMmJmYjczMC1lY2FhLTExZTYtOGY4OC0zNDM2M2JjN2M0YzAiOnsiY3JlYXRlIjoxMjAwMDAwMDAwMDAwLCJkZWxldGUiOjEyMDAwMDAwMDAwMDAsInVwZGF0ZSI6MTIwMDAwMDAwMDAwMH19",
          "dependencies": [
            "data.google_compute_subnetwork.default_subnetwork"
          ]
        }
      ]
    },
    {
      "mode": "managed",
      "type": "google_compute_address",
      "name": "osd_1_ip_external",
      "provider": "provider[\"registry.terraform.io/hashicorp/google\"]",
      "instances": [
        {
          "schema_version": 0,
          "attributes": {
            "address": "34.175.147.38",
            "address_type": "EXTERNAL",
            "creation_timestamp": "2023-12-09T08:06:06.690-08:00",
            "description": "",
            "effective_labels": {},
            "id": "projects/adminsistemas-401916/regions/europe-southwest1/addresses/osd-1-ip-external",
            "ip_version": "",
            "ipv6_endpoint_type": "",
            "label_fingerprint": "42WmSpB8rSM=",
            "labels": null,
            "name": "osd-1-ip-external",
            "network": "",
            "network_tier": "PREMIUM",
            "prefix_length": 0,
            "project": "adminsistemas-401916",
            "purpose": "",
            "region": "europe-southwest1",
            "self_link": "https://www.googleapis.com/compute/v1/projects/adminsistemas-401916/regions/europe-southwest1/addresses/osd-1-ip-external",
            "subnetwork": "",
            "terraform_labels": {},
            "timeouts": null,
            "users": []
          },
          "sensitive_attributes": [],
          "private": "eyJlMmJmYjczMC1lY2FhLTExZTYtOGY4OC0zNDM2M2JjN2M0YzAiOnsiY3JlYXRlIjoxMjAwMDAwMDAwMDAwLCJkZWxldGUiOjEyMDAwMDAwMDAwMDAsInVwZGF0ZSI6MTIwMDAwMDAwMDAwMH19"
        }
      ]
    },
    {
      "mode": "managed",
      "type": "google_compute_address",
      "name": "osd_1_ip_internal",
      "provider": "provider[\"registry.terraform.io/hashicorp/google\"]",
      "instances": [
        {
          "schema_version": 0,
          "attributes": {
            "address": "10.204.15.223",
            "address_type": "INTERNAL",
            "creation_timestamp": "2023-12-09T08:06:06.687-08:00",
            "description": "",
            "effective_labels": {},
            "id": "projects/adminsistemas-401916/regions/europe-southwest1/addresses/osd-1-ip-internal",
            "ip_version": "",
            "ipv6_endpoint_type": "",
            "label_fingerprint": "42WmSpB8rSM=",
            "labels": null,
            "name": "osd-1-ip-internal",
            "network": "",
            "network_tier": "PREMIUM",
            "prefix_length": 0,
            "project": "adminsistemas-401916",
            "purpose": "GCE_ENDPOINT",
            "region": "europe-southwest1",
            "self_link": "https://www.googleapis.com/compute/v1/projects/adminsistemas-401916/regions/europe-southwest1/addresses/osd-1-ip-internal",
            "subnetwork": "https://www.googleapis.com/compute/v1/projects/adminsistemas-401916/regions/europe-southwest1/subnetworks/default",
            "terraform_labels": {},
            "timeouts": null,
            "users": []
          },
          "sensitive_attributes": [],
          "private": "eyJlMmJmYjczMC1lY2FhLTExZTYtOGY4OC0zNDM2M2JjN2M0YzAiOnsiY3JlYXRlIjoxMjAwMDAwMDAwMDAwLCJkZWxldGUiOjEyMDAwMDAwMDAwMDAsInVwZGF0ZSI6MTIwMDAwMDAwMDAwMH19",
          "dependencies": [
            "data.google_compute_subnetwork.default_subnetwork"
          ]
        }
      ]
    },
    {
      "mode": "managed",
      "type": "google_compute_address",
      "name": "osd_2_ip_external",
      "provider": "provider[\"registry.terraform.io/hashicorp/google\"]",
      "instances": [
        {
          "schema_version": 0,
          "attributes": {
            "address": "34.175.245.125",
            "address_type": "EXTERNAL",
            "creation_timestamp": "2023-12-09T08:06:06.705-08:00",
            "description": "",
            "effective_labels": {},
            "id": "projects/adminsistemas-401916/regions/europe-southwest1/addresses/osd-2-ip-external",
            "ip_version": "",
            "ipv6_endpoint_type": "",
            "label_fingerprint": "42WmSpB8rSM=",
            "labels": null,
            "name": "osd-2-ip-external",
            "network": "",
            "network_tier": "PREMIUM",
            "prefix_length": 0,
            "project": "adminsistemas-401916",
            "purpose": "",
            "region": "europe-southwest1",
            "self_link": "https://www.googleapis.com/compute/v1/projects/adminsistemas-401916/regions/europe-southwest1/addresses/osd-2-ip-external",
            "subnetwork": "",
            "terraform_labels": {},
            "timeouts": null,
            "users": []
          },
          "sensitive_attributes": [],
          "private": "eyJlMmJmYjczMC1lY2FhLTExZTYtOGY4OC0zNDM2M2JjN2M0YzAiOnsiY3JlYXRlIjoxMjAwMDAwMDAwMDAwLCJkZWxldGUiOjEyMDAwMDAwMDAwMDAsInVwZGF0ZSI6MTIwMDAwMDAwMDAwMH19"
        }
      ]
    },
    {
      "mode": "managed",
      "type": "google_compute_address",
      "name": "osd_2_ip_internal",
      "provider": "provider[\"registry.terraform.io/hashicorp/google\"]",
      "instances": [
        {
          "schema_version": 0,
          "attributes": {
            "address": "10.204.15.227",
            "address_type": "INTERNAL",
            "creation_timestamp": "2023-12-09T08:06:17.995-08:00",
            "description": "",
            "effective_labels": {},
            "id": "projects/adminsistemas-401916/regions/europe-southwest1/addresses/osd-2-ip-internal",
            "ip_version": "",
            "ipv6_endpoint_type": "",
            "label_fingerprint": "42WmSpB8rSM=",
            "labels": null,
            "name": "osd-2-ip-internal",
            "network": "",
            "network_tier": "PREMIUM",
            "prefix_length": 0,
            "project": "adminsistemas-401916",
            "purpose": "GCE_ENDPOINT",
            "region": "europe-southwest1",
            "self_link": "https://www.googleapis.com/compute/v1/projects/adminsistemas-401916/regions/europe-southwest1/addresses/osd-2-ip-internal",
            "subnetwork": "https://www.googleapis.com/compute/v1/projects/adminsistemas-401916/regions/europe-southwest1/subnetworks/default",
            "terraform_labels": {},
            "timeouts": null,
            "users": []
          },
          "sensitive_attributes": [],
          "private": "eyJlMmJmYjczMC1lY2FhLTExZTYtOGY4OC0zNDM2M2JjN2M0YzAiOnsiY3JlYXRlIjoxMjAwMDAwMDAwMDAwLCJkZWxldGUiOjEyMDAwMDAwMDAwMDAsInVwZGF0ZSI6MTIwMDAwMDAwMDAwMH19",
          "dependencies": [
            "data.google_compute_subnetwork.default_subnetwork"
          ]
        }
      ]
    },
    {
      "mode": "managed",
      "type": "google_compute_attached_disk",
      "name": "osd_1_disk_ssd_attach",
      "provider": "provider[\"registry.terraform.io/hashicorp/google\"]",
      "instances": [
        {
          "schema_version": 0,
          "attributes": {
            "device_name": "persistent-disk-2",
            "disk": "projects/adminsistemas-401916/zones/europe-southwest1-c/disks/osd-1-disk-ssd",
            "id": "projects/adminsistemas-401916/zones/europe-southwest1-c/instances/osd-instance-1/osd-1-disk-ssd",
            "instance": "projects/adminsistemas-401916/zones/europe-southwest1-c/instances/osd-instance-1",
            "mode": "READ_WRITE",
            "project": "adminsistemas-401916",
            "timeouts": null,
            "zone": "europe-southwest1-c"
          },
          "sensitive_attributes": [],
          "private": "eyJlMmJmYjczMC1lY2FhLTExZTYtOGY4OC0zNDM2M2JjN2M0YzAiOnsiY3JlYXRlIjozMDAwMDAwMDAwMDAsImRlbGV0ZSI6MzAwMDAwMDAwMDAwfX0=",
          "dependencies": [
            "data.google_compute_network.default_network",
            "data.google_compute_subnetwork.default_subnetwork",
            "google_compute_address.osd_1_ip_external",
            "google_compute_address.osd_1_ip_internal",
            "google_compute_disk.osd_1_disk_ssd",
            "google_compute_instance.osd_node_1"
          ]
        }
      ]
    },
    {
      "mode": "managed",
      "type": "google_compute_attached_disk",
      "name": "osd_1_disk_standard_attach",
      "provider": "provider[\"registry.terraform.io/hashicorp/google\"]",
      "instances": [
        {
          "schema_version": 0,
          "attributes": {
            "device_name": "persistent-disk-1",
            "disk": "projects/adminsistemas-401916/zones/europe-southwest1-c/disks/osd-1-disk-standard",
            "id": "projects/adminsistemas-401916/zones/europe-southwest1-c/instances/osd-instance-1/osd-1-disk-standard",
            "instance": "projects/adminsistemas-401916/zones/europe-southwest1-c/instances/osd-instance-1",
            "mode": "READ_WRITE",
            "project": "adminsistemas-401916",
            "timeouts": null,
            "zone": "europe-southwest1-c"
          },
          "sensitive_attributes": [],
          "private": "eyJlMmJmYjczMC1lY2FhLTExZTYtOGY4OC0zNDM2M2JjN2M0YzAiOnsiY3JlYXRlIjozMDAwMDAwMDAwMDAsImRlbGV0ZSI6MzAwMDAwMDAwMDAwfX0=",
          "dependencies": [
            "data.google_compute_network.default_network",
            "data.google_compute_subnetwork.default_subnetwork",
            "google_compute_address.osd_1_ip_external",
            "google_compute_address.osd_1_ip_internal",
            "google_compute_disk.osd_1_disk_standard",
            "google_compute_instance.osd_node_1"
          ]
        }
      ]
    },
    {
      "mode": "managed",
      "type": "google_compute_attached_disk",
      "name": "osd_2_disk_1_attach",
      "provider": "provider[\"registry.terraform.io/hashicorp/google\"]",
      "instances": [
        {
          "schema_version": 0,
          "attributes": {
            "device_name": "persistent-disk-1",
            "disk": "projects/adminsistemas-401916/zones/europe-southwest1-c/disks/osd-2-disk-1",
            "id": "projects/adminsistemas-401916/zones/europe-southwest1-c/instances/osd-instance-2/osd-2-disk-1",
            "instance": "projects/adminsistemas-401916/zones/europe-southwest1-c/instances/osd-instance-2",
            "mode": "READ_WRITE",
            "project": "adminsistemas-401916",
            "timeouts": null,
            "zone": "europe-southwest1-c"
          },
          "sensitive_attributes": [],
          "private": "eyJlMmJmYjczMC1lY2FhLTExZTYtOGY4OC0zNDM2M2JjN2M0YzAiOnsiY3JlYXRlIjozMDAwMDAwMDAwMDAsImRlbGV0ZSI6MzAwMDAwMDAwMDAwfX0=",
          "dependencies": [
            "data.google_compute_network.default_network",
            "data.google_compute_subnetwork.default_subnetwork",
            "google_compute_address.osd_2_ip_external",
            "google_compute_address.osd_2_ip_internal",
            "google_compute_disk.osd_2_disk_1",
            "google_compute_instance.osd_node_2"
          ]
        }
      ]
    },
    {
      "mode": "managed",
      "type": "google_compute_attached_disk",
      "name": "osd_2_disk_2_attach",
      "provider": "provider[\"registry.terraform.io/hashicorp/google\"]",
      "instances": [
        {
          "schema_version": 0,
          "attributes": {
            "device_name": "persistent-disk-2",
            "disk": "projects/adminsistemas-401916/zones/europe-southwest1-c/disks/osd-2-disk-2",
            "id": "projects/adminsistemas-401916/zones/europe-southwest1-c/instances/osd-instance-2/osd-2-disk-2",
            "instance": "projects/adminsistemas-401916/zones/europe-southwest1-c/instances/osd-instance-2",
            "mode": "READ_WRITE",
            "project": "adminsistemas-401916",
            "timeouts": null,
            "zone": "europe-southwest1-c"
          },
          "sensitive_attributes": [],
          "private": "eyJlMmJmYjczMC1lY2FhLTExZTYtOGY4OC0zNDM2M2JjN2M0YzAiOnsiY3JlYXRlIjozMDAwMDAwMDAwMDAsImRlbGV0ZSI6MzAwMDAwMDAwMDAwfX0=",
          "dependencies": [
            "data.google_compute_network.default_network",
            "data.google_compute_subnetwork.default_subnetwork",
            "google_compute_address.osd_2_ip_external",
            "google_compute_address.osd_2_ip_internal",
            "google_compute_disk.osd_2_disk_2",
            "google_compute_instance.osd_node_2"
          ]
        }
      ]
    },
    {
      "mode": "managed",
      "type": "google_compute_disk",
      "name": "osd_1_disk_ssd",
      "provider": "provider[\"registry.terraform.io/hashicorp/google\"]",
      "instances": [
        {
          "schema_version": 0,
          "attributes": {
            "async_primary_disk": [],
            "creation_timestamp": "2023-12-09T08:06:06.380-08:00",
            "description": "",
            "disk_encryption_key": [],
            "effective_labels": {},
            "guest_os_features": [],
            "id": "projects/adminsistemas-401916/zones/europe-southwest1-c/disks/osd-1-disk-ssd",
            "image": "",
            "label_fingerprint": "42WmSpB8rSM=",
            "labels": null,
            "last_attach_timestamp": "",
            "last_detach_timestamp": "",
            "licenses": [],
            "name": "osd-1-disk-ssd",
            "physical_block_size_bytes": 4096,
            "project": "adminsistemas-401916",
            "provisioned_iops": 0,
            "provisioned_throughput": 0,
            "self_link": "https://www.googleapis.com/compute/v1/projects/adminsistemas-401916/zones/europe-southwest1-c/disks/osd-1-disk-ssd",
            "size": 15,
            "snapshot": "",
            "source_disk": "",
            "source_disk_id": "",
            "source_image_encryption_key": [],
            "source_image_id": "",
            "source_snapshot_encryption_key": [],
            "source_snapshot_id": "",
            "terraform_labels": {},
            "timeouts": null,
            "type": "pd-ssd",
            "users": [],
            "zone": "europe-southwest1-c"
          },
          "sensitive_attributes": [],
          "private": "eyJlMmJmYjczMC1lY2FhLTExZTYtOGY4OC0zNDM2M2JjN2M0YzAiOnsiY3JlYXRlIjoxMjAwMDAwMDAwMDAwLCJkZWxldGUiOjEyMDAwMDAwMDAwMDAsInVwZGF0ZSI6MTIwMDAwMDAwMDAwMH19"
        }
      ]
    },
    {
      "mode": "managed",
      "type": "google_compute_disk",
      "name": "osd_1_disk_standard",
      "provider": "provider[\"registry.terraform.io/hashicorp/google\"]",
      "instances": [
        {
          "schema_version": 0,
          "attributes": {
            "async_primary_disk": [],
            "creation_timestamp": "2023-12-09T08:06:17.235-08:00",
            "description": "",
            "disk_encryption_key": [],
            "effective_labels": {},
            "guest_os_features": [],
            "id": "projects/adminsistemas-401916/zones/europe-southwest1-c/disks/osd-1-disk-standard",
            "image": "",
            "label_fingerprint": "42WmSpB8rSM=",
            "labels": null,
            "last_attach_timestamp": "",
            "last_detach_timestamp": "",
            "licenses": [],
            "name": "osd-1-disk-standard",
            "physical_block_size_bytes": 4096,
            "project": "adminsistemas-401916",
            "provisioned_iops": 0,
            "provisioned_throughput": 0,
            "self_link": "https://www.googleapis.com/compute/v1/projects/adminsistemas-401916/zones/europe-southwest1-c/disks/osd-1-disk-standard",
            "size": 10,
            "snapshot": "",
            "source_disk": "",
            "source_disk_id": "",
            "source_image_encryption_key": [],
            "source_image_id": "",
            "source_snapshot_encryption_key": [],
            "source_snapshot_id": "",
            "terraform_labels": {},
            "timeouts": null,
            "type": "pd-standard",
            "users": [],
            "zone": "europe-southwest1-c"
          },
          "sensitive_attributes": [],
          "private": "eyJlMmJmYjczMC1lY2FhLTExZTYtOGY4OC0zNDM2M2JjN2M0YzAiOnsiY3JlYXRlIjoxMjAwMDAwMDAwMDAwLCJkZWxldGUiOjEyMDAwMDAwMDAwMDAsInVwZGF0ZSI6MTIwMDAwMDAwMDAwMH19"
        }
      ]
    },
    {
      "mode": "managed",
      "type": "google_compute_disk",
      "name": "osd_2_disk_1",
      "provider": "provider[\"registry.terraform.io/hashicorp/google\"]",
      "instances": [
        {
          "schema_version": 0,
          "attributes": {
            "async_primary_disk": [],
            "creation_timestamp": "2023-12-09T08:06:06.269-08:00",
            "description": "",
            "disk_encryption_key": [],
            "effective_labels": {},
            "guest_os_features": [],
            "id": "projects/adminsistemas-401916/zones/europe-southwest1-c/disks/osd-2-disk-1",
            "image": "",
            "label_fingerprint": "42WmSpB8rSM=",
            "labels": null,
            "last_attach_timestamp": "",
            "last_detach_timestamp": "",
            "licenses": [],
            "name": "osd-2-disk-1",
            "physical_block_size_bytes": 4096,
            "project": "adminsistemas-401916",
            "provisioned_iops": 0,
            "provisioned_throughput": 0,
            "self_link": "https://www.googleapis.com/compute/v1/projects/adminsistemas-401916/zones/europe-southwest1-c/disks/osd-2-disk-1",
            "size": 10,
            "snapshot": "",
            "source_disk": "",
            "source_disk_id": "",
            "source_image_encryption_key": [],
            "source_image_id": "",
            "source_snapshot_encryption_key": [],
            "source_snapshot_id": "",
            "terraform_labels": {},
            "timeouts": null,
            "type": "pd-ssd",
            "users": [],
            "zone": "europe-southwest1-c"
          },
          "sensitive_attributes": [],
          "private": "eyJlMmJmYjczMC1lY2FhLTExZTYtOGY4OC0zNDM2M2JjN2M0YzAiOnsiY3JlYXRlIjoxMjAwMDAwMDAwMDAwLCJkZWxldGUiOjEyMDAwMDAwMDAwMDAsInVwZGF0ZSI6MTIwMDAwMDAwMDAwMH19"
        }
      ]
    },
    {
      "mode": "managed",
      "type": "google_compute_disk",
      "name": "osd_2_disk_2",
      "provider": "provider[\"registry.terraform.io/hashicorp/google\"]",
      "instances": [
        {
          "schema_version": 0,
          "attributes": {
            "async_primary_disk": [],
            "creation_timestamp": "2023-12-09T08:06:06.365-08:00",
            "description": "",
            "disk_encryption_key": [],
            "effective_labels": {},
            "guest_os_features": [],
            "id": "projects/adminsistemas-401916/zones/europe-southwest1-c/disks/osd-2-disk-2",
            "image": "",
            "label_fingerprint": "42WmSpB8rSM=",
            "labels": null,
            "last_attach_timestamp": "",
            "last_detach_timestamp": "",
            "licenses": [],
            "name": "osd-2-disk-2",
            "physical_block_size_bytes": 4096,
            "project": "adminsistemas-401916",
            "provisioned_iops": 0,
            "provisioned_throughput": 0,
            "self_link": "https://www.googleapis.com/compute/v1/projects/adminsistemas-401916/zones/europe-southwest1-c/disks/osd-2-disk-2",
            "size": 10,
            "snapshot": "",
            "source_disk": "",
            "source_disk_id": "",
            "source_image_encryption_key": [],
            "source_image_id": "",
            "source_snapshot_encryption_key": [],
            "source_snapshot_id": "",
            "terraform_labels": {},
            "timeouts": null,
            "type": "pd-ssd",
            "users": [],
            "zone": "europe-southwest1-c"
          },
          "sensitive_attributes": [],
          "private": "eyJlMmJmYjczMC1lY2FhLTExZTYtOGY4OC0zNDM2M2JjN2M0YzAiOnsiY3JlYXRlIjoxMjAwMDAwMDAwMDAwLCJkZWxldGUiOjEyMDAwMDAwMDAwMDAsInVwZGF0ZSI6MTIwMDAwMDAwMDAwMH19"
        }
      ]
    },
    {
      "mode": "managed",
      "type": "google_compute_instance",
      "name": "client_1",
      "provider": "provider[\"registry.terraform.io/hashicorp/google\"]",
      "instances": [
        {
          "schema_version": 6,
          "attributes": {
            "advanced_machine_features": [],
            "allow_stopping_for_update": null,
            "attached_disk": [],
            "boot_disk": [
              {
                "auto_delete": true,
                "device_name": "persistent-disk-0",
                "disk_encryption_key_raw": "",
                "disk_encryption_key_sha256": "",
                "initialize_params": [
                  {
                    "image": "https://www.googleapis.com/compute/v1/projects/ubuntu-os-cloud/global/images/ubuntu-2004-focal-v20231130",
                    "labels": {},
                    "resource_manager_tags": null,
                    "size": 10,
                    "type": "pd-ssd"
                  }
                ],
                "kms_key_self_link": "",
                "mode": "READ_WRITE",
                "source": "https://www.googleapis.com/compute/v1/projects/adminsistemas-401916/zones/europe-southwest1-c/disks/client-instance-1"
              }
            ],
            "can_ip_forward": false,
            "confidential_instance_config": [],
            "cpu_platform": "Intel Broadwell",
            "current_status": "RUNNING",
            "deletion_protection": false,
            "description": "",
            "desired_status": null,
            "effective_labels": {},
            "enable_display": false,
            "guest_accelerator": [],
            "hostname": "",
            "id": "projects/adminsistemas-401916/zones/europe-southwest1-c/instances/client-instance-1",
            "instance_id": "2033184916318531177",
            "label_fingerprint": "42WmSpB8rSM=",
            "labels": null,
            "machine_type": "e2-medium",
            "metadata": null,
            "metadata_fingerprint": "KrVHECkUIMU=",
            "metadata_startup_script": null,
            "min_cpu_platform": "",
            "name": "client-instance-1",
            "network_interface": [
              {
                "access_config": [
                  {
                    "nat_ip": "34.175.135.40",
                    "network_tier": "PREMIUM",
                    "public_ptr_domain_name": ""
                  }
                ],
                "alias_ip_range": [],
                "internal_ipv6_prefix_length": 0,
                "ipv6_access_config": [],
                "ipv6_access_type": "",
                "ipv6_address": "",
                "name": "nic0",
                "network": "https://www.googleapis.com/compute/v1/projects/adminsistemas-401916/global/networks/default",
                "network_ip": "10.204.15.226",
                "nic_type": "",
                "queue_count": 0,
                "stack_type": "IPV4_ONLY",
                "subnetwork": "https://www.googleapis.com/compute/v1/projects/adminsistemas-401916/regions/europe-southwest1/subnetworks/default",
                "subnetwork_project": "adminsistemas-401916"
              }
            ],
            "network_performance_config": [],
            "params": [],
            "project": "adminsistemas-401916",
            "reservation_affinity": [],
            "resource_policies": null,
            "scheduling": [
              {
                "automatic_restart": true,
                "instance_termination_action": "",
                "local_ssd_recovery_timeout": [],
                "min_node_cpus": 0,
                "node_affinities": [],
                "on_host_maintenance": "MIGRATE",
                "preemptible": false,
                "provisioning_model": "STANDARD"
              }
            ],
            "scratch_disk": [],
            "self_link": "https://www.googleapis.com/compute/v1/projects/adminsistemas-401916/zones/europe-southwest1-c/instances/client-instance-1",
            "service_account": [],
            "shielded_instance_config": [
              {
                "enable_integrity_monitoring": true,
                "enable_secure_boot": false,
                "enable_vtpm": true
              }
            ],
            "tags": [
              "http-server",
              "https-server"
            ],
            "tags_fingerprint": "6smc4R4d39I=",
            "terraform_labels": {},
            "timeouts": null,
            "zone": "europe-southwest1-c"
          },
          "sensitive_attributes": [],
          "private": "eyJlMmJmYjczMC1lY2FhLTExZTYtOGY4OC0zNDM2M2JjN2M0YzAiOnsiY3JlYXRlIjoxMjAwMDAwMDAwMDAwLCJkZWxldGUiOjEyMDAwMDAwMDAwMDAsInVwZGF0ZSI6MTIwMDAwMDAwMDAwMH0sInNjaGVtYV92ZXJzaW9uIjoiNiJ9",
          "dependencies": [
            "data.google_compute_network.default_network",
            "data.google_compute_subnetwork.default_subnetwork",
            "google_compute_address.client_1_ip_external",
            "google_compute_address.client_1_ip_internal"
          ]
        }
      ]
    },
    {
      "mode": "managed",
      "type": "google_compute_instance",
      "name": "mgr_1",
      "provider": "provider[\"registry.terraform.io/hashicorp/google\"]",
      "instances": [
        {
          "schema_version": 6,
          "attributes": {
            "advanced_machine_features": [],
            "allow_stopping_for_update": null,
            "attached_disk": [],
            "boot_disk": [
              {
                "auto_delete": true,
                "device_name": "persistent-disk-0",
                "disk_encryption_key_raw": "",
                "disk_encryption_key_sha256": "",
                "initialize_params": [
                  {
                    "image": "https://www.googleapis.com/compute/v1/projects/ubuntu-os-cloud/global/images/ubuntu-2004-focal-v20231130",
                    "labels": {},
                    "resource_manager_tags": null,
                    "size": 10,
                    "type": "pd-ssd"
                  }
                ],
                "kms_key_self_link": "",
                "mode": "READ_WRITE",
                "source": "https://www.googleapis.com/compute/v1/projects/adminsistemas-401916/zones/europe-southwest1-c/disks/manager-instance-1"
              }
            ],
            "can_ip_forward": false,
            "confidential_instance_config": [],
            "cpu_platform": "Intel Broadwell",
            "current_status": "RUNNING",
            "deletion_protection": false,
            "description": "",
            "desired_status": null,
            "effective_labels": {},
            "enable_display": false,
            "guest_accelerator": [],
            "hostname": "",
            "id": "projects/adminsistemas-401916/zones/europe-southwest1-c/instances/manager-instance-1",
            "instance_id": "6976434017631022740",
            "label_fingerprint": "42WmSpB8rSM=",
            "labels": null,
            "machine_type": "e2-medium",
            "metadata": null,
            "metadata_fingerprint": "KrVHECkUIMU=",
            "metadata_startup_script": null,
            "min_cpu_platform": "",
            "name": "manager-instance-1",
            "network_interface": [
              {
                "access_config": [
                  {
                    "nat_ip": "34.175.48.224",
                    "network_tier": "PREMIUM",
                    "public_ptr_domain_name": ""
                  }
                ],
                "alias_ip_range": [],
                "internal_ipv6_prefix_length": 0,
                "ipv6_access_config": [],
                "ipv6_access_type": "",
                "ipv6_address": "",
                "name": "nic0",
                "network": "https://www.googleapis.com/compute/v1/projects/adminsistemas-401916/global/networks/default",
                "network_ip": "10.204.15.224",
                "nic_type": "",
                "queue_count": 0,
                "stack_type": "IPV4_ONLY",
                "subnetwork": "https://www.googleapis.com/compute/v1/projects/adminsistemas-401916/regions/europe-southwest1/subnetworks/default",
                "subnetwork_project": "adminsistemas-401916"
              }
            ],
            "network_performance_config": [],
            "params": [],
            "project": "adminsistemas-401916",
            "reservation_affinity": [],
            "resource_policies": null,
            "scheduling": [
              {
                "automatic_restart": true,
                "instance_termination_action": "",
                "local_ssd_recovery_timeout": [],
                "min_node_cpus": 0,
                "node_affinities": [],
                "on_host_maintenance": "MIGRATE",
                "preemptible": false,
                "provisioning_model": "STANDARD"
              }
            ],
            "scratch_disk": [],
            "self_link": "https://www.googleapis.com/compute/v1/projects/adminsistemas-401916/zones/europe-southwest1-c/instances/manager-instance-1",
            "service_account": [],
            "shielded_instance_config": [
              {
                "enable_integrity_monitoring": true,
                "enable_secure_boot": false,
                "enable_vtpm": true
              }
            ],
            "tags": [
              "http-server",
              "https-server"
            ],
            "tags_fingerprint": "6smc4R4d39I=",
            "terraform_labels": {},
            "timeouts": null,
            "zone": "europe-southwest1-c"
          },
          "sensitive_attributes": [],
          "private": "eyJlMmJmYjczMC1lY2FhLTExZTYtOGY4OC0zNDM2M2JjN2M0YzAiOnsiY3JlYXRlIjoxMjAwMDAwMDAwMDAwLCJkZWxldGUiOjEyMDAwMDAwMDAwMDAsInVwZGF0ZSI6MTIwMDAwMDAwMDAwMH0sInNjaGVtYV92ZXJzaW9uIjoiNiJ9",
          "dependencies": [
            "data.google_compute_network.default_network",
            "data.google_compute_subnetwork.default_subnetwork",
            "google_compute_address.mgr_1_ip_external",
            "google_compute_address.mgr_1_ip_internal"
          ]
        }
      ]
    },
    {
      "mode": "managed",
      "type": "google_compute_instance",
      "name": "mon_1",
      "provider": "provider[\"registry.terraform.io/hashicorp/google\"]",
      "instances": [
        {
          "schema_version": 6,
          "attributes": {
            "advanced_machine_features": [],
            "allow_stopping_for_update": null,
            "attached_disk": [],
            "boot_disk": [
              {
                "auto_delete": true,
                "device_name": "persistent-disk-0",
                "disk_encryption_key_raw": "",
                "disk_encryption_key_sha256": "",
                "initialize_params": [
                  {
                    "image": "https://www.googleapis.com/compute/v1/projects/ubuntu-os-cloud/global/images/ubuntu-2004-focal-v20231130",
                    "labels": {},
                    "resource_manager_tags": null,
                    "size": 10,
                    "type": "pd-ssd"
                  }
                ],
                "kms_key_self_link": "",
                "mode": "READ_WRITE",
                "source": "https://www.googleapis.com/compute/v1/projects/adminsistemas-401916/zones/europe-southwest1-c/disks/monitor-instance-1"
              }
            ],
            "can_ip_forward": true,
            "confidential_instance_config": [],
            "cpu_platform": "Intel Broadwell",
            "current_status": "RUNNING",
            "deletion_protection": false,
            "description": "",
            "desired_status": null,
            "effective_labels": {},
            "enable_display": false,
            "guest_accelerator": [],
            "hostname": "",
            "id": "projects/adminsistemas-401916/zones/europe-southwest1-c/instances/monitor-instance-1",
            "instance_id": "9208131404391067242",
            "label_fingerprint": "42WmSpB8rSM=",
            "labels": null,
            "machine_type": "e2-medium",
            "metadata": null,
            "metadata_fingerprint": "KrVHECkUIMU=",
            "metadata_startup_script": null,
            "min_cpu_platform": "",
            "name": "monitor-instance-1",
            "network_interface": [
              {
                "access_config": [
                  {
                    "nat_ip": "34.175.14.45",
                    "network_tier": "PREMIUM",
                    "public_ptr_domain_name": ""
                  }
                ],
                "alias_ip_range": [],
                "internal_ipv6_prefix_length": 0,
                "ipv6_access_config": [],
                "ipv6_access_type": "",
                "ipv6_address": "",
                "name": "nic0",
                "network": "https://www.googleapis.com/compute/v1/projects/adminsistemas-401916/global/networks/default",
                "network_ip": "10.204.15.225",
                "nic_type": "",
                "queue_count": 0,
                "stack_type": "IPV4_ONLY",
                "subnetwork": "https://www.googleapis.com/compute/v1/projects/adminsistemas-401916/regions/europe-southwest1/subnetworks/default",
                "subnetwork_project": "adminsistemas-401916"
              }
            ],
            "network_performance_config": [],
            "params": [],
            "project": "adminsistemas-401916",
            "reservation_affinity": [],
            "resource_policies": null,
            "scheduling": [
              {
                "automatic_restart": true,
                "instance_termination_action": "",
                "local_ssd_recovery_timeout": [],
                "min_node_cpus": 0,
                "node_affinities": [],
                "on_host_maintenance": "MIGRATE",
                "preemptible": false,
                "provisioning_model": "STANDARD"
              }
            ],
            "scratch_disk": [],
            "self_link": "https://www.googleapis.com/compute/v1/projects/adminsistemas-401916/zones/europe-southwest1-c/instances/monitor-instance-1",
            "service_account": [],
            "shielded_instance_config": [
              {
                "enable_integrity_monitoring": true,
                "enable_secure_boot": false,
                "enable_vtpm": true
              }
            ],
            "tags": [
              "http-server",
              "https-server"
            ],
            "tags_fingerprint": "6smc4R4d39I=",
            "terraform_labels": {},
            "timeouts": null,
            "zone": "europe-southwest1-c"
          },
          "sensitive_attributes": [],
          "private": "eyJlMmJmYjczMC1lY2FhLTExZTYtOGY4OC0zNDM2M2JjN2M0YzAiOnsiY3JlYXRlIjoxMjAwMDAwMDAwMDAwLCJkZWxldGUiOjEyMDAwMDAwMDAwMDAsInVwZGF0ZSI6MTIwMDAwMDAwMDAwMH0sInNjaGVtYV92ZXJzaW9uIjoiNiJ9",
          "dependencies": [
            "data.google_compute_network.default_network",
            "data.google_compute_subnetwork.default_subnetwork",
            "google_compute_address.mon_1_ip_external",
            "google_compute_address.mon_1_ip_internal"
          ]
        }
      ]
    },
    {
      "mode": "managed",
      "type": "google_compute_instance",
      "name": "osd_node_1",
      "provider": "provider[\"registry.terraform.io/hashicorp/google\"]",
      "instances": [
        {
          "schema_version": 6,
          "attributes": {
            "advanced_machine_features": [],
            "allow_stopping_for_update": null,
            "attached_disk": [],
            "boot_disk": [
              {
                "auto_delete": true,
                "device_name": "persistent-disk-0",
                "disk_encryption_key_raw": "",
                "disk_encryption_key_sha256": "",
                "initialize_params": [
                  {
                    "image": "https://www.googleapis.com/compute/v1/projects/ubuntu-os-cloud/global/images/ubuntu-2004-focal-v20231130",
                    "labels": {},
                    "resource_manager_tags": null,
                    "size": 10,
                    "type": "pd-ssd"
                  }
                ],
                "kms_key_self_link": "",
                "mode": "READ_WRITE",
                "source": "https://www.googleapis.com/compute/v1/projects/adminsistemas-401916/zones/europe-southwest1-c/disks/osd-instance-1"
              }
            ],
            "can_ip_forward": false,
            "confidential_instance_config": [],
            "cpu_platform": "Intel Broadwell",
            "current_status": "RUNNING",
            "deletion_protection": false,
            "description": "",
            "desired_status": null,
            "effective_labels": {},
            "enable_display": false,
            "guest_accelerator": [],
            "hostname": "",
            "id": "projects/adminsistemas-401916/zones/europe-southwest1-c/instances/osd-instance-1",
            "instance_id": "6908729660710399637",
            "label_fingerprint": "42WmSpB8rSM=",
            "labels": null,
            "machine_type": "e2-medium",
            "metadata": null,
            "metadata_fingerprint": "KrVHECkUIMU=",
            "metadata_startup_script": null,
            "min_cpu_platform": "",
            "name": "osd-instance-1",
            "network_interface": [
              {
                "access_config": [
                  {
                    "nat_ip": "34.175.147.38",
                    "network_tier": "PREMIUM",
                    "public_ptr_domain_name": ""
                  }
                ],
                "alias_ip_range": [],
                "internal_ipv6_prefix_length": 0,
                "ipv6_access_config": [],
                "ipv6_access_type": "",
                "ipv6_address": "",
                "name": "nic0",
                "network": "https://www.googleapis.com/compute/v1/projects/adminsistemas-401916/global/networks/default",
                "network_ip": "10.204.15.223",
                "nic_type": "",
                "queue_count": 0,
                "stack_type": "IPV4_ONLY",
                "subnetwork": "https://www.googleapis.com/compute/v1/projects/adminsistemas-401916/regions/europe-southwest1/subnetworks/default",
                "subnetwork_project": "adminsistemas-401916"
              }
            ],
            "network_performance_config": [],
            "params": [],
            "project": "adminsistemas-401916",
            "reservation_affinity": [],
            "resource_policies": null,
            "scheduling": [
              {
                "automatic_restart": true,
                "instance_termination_action": "",
                "local_ssd_recovery_timeout": [],
                "min_node_cpus": 0,
                "node_affinities": [],
                "on_host_maintenance": "MIGRATE",
                "preemptible": false,
                "provisioning_model": "STANDARD"
              }
            ],
            "scratch_disk": [],
            "self_link": "https://www.googleapis.com/compute/v1/projects/adminsistemas-401916/zones/europe-southwest1-c/instances/osd-instance-1",
            "service_account": [],
            "shielded_instance_config": [
              {
                "enable_integrity_monitoring": true,
                "enable_secure_boot": false,
                "enable_vtpm": true
              }
            ],
            "tags": [
              "http-server",
              "https-server"
            ],
            "tags_fingerprint": "6smc4R4d39I=",
            "terraform_labels": {},
            "timeouts": null,
            "zone": "europe-southwest1-c"
          },
          "sensitive_attributes": [],
          "private": "eyJlMmJmYjczMC1lY2FhLTExZTYtOGY4OC0zNDM2M2JjN2M0YzAiOnsiY3JlYXRlIjoxMjAwMDAwMDAwMDAwLCJkZWxldGUiOjEyMDAwMDAwMDAwMDAsInVwZGF0ZSI6MTIwMDAwMDAwMDAwMH0sInNjaGVtYV92ZXJzaW9uIjoiNiJ9",
          "dependencies": [
            "data.google_compute_network.default_network",
            "data.google_compute_subnetwork.default_subnetwork",
            "google_compute_address.osd_1_ip_external",
            "google_compute_address.osd_1_ip_internal"
          ]
        }
      ]
    },
    {
      "mode": "managed",
      "type": "google_compute_instance",
      "name": "osd_node_2",
      "provider": "provider[\"registry.terraform.io/hashicorp/google\"]",
      "instances": [
        {
          "schema_version": 6,
          "attributes": {
            "advanced_machine_features": [],
            "allow_stopping_for_update": null,
            "attached_disk": [],
            "boot_disk": [
              {
                "auto_delete": true,
                "device_name": "persistent-disk-0",
                "disk_encryption_key_raw": "",
                "disk_encryption_key_sha256": "",
                "initialize_params": [
                  {
                    "image": "https://www.googleapis.com/compute/v1/projects/ubuntu-os-cloud/global/images/ubuntu-2004-focal-v20231130",
                    "labels": {},
                    "resource_manager_tags": null,
                    "size": 10,
                    "type": "pd-ssd"
                  }
                ],
                "kms_key_self_link": "",
                "mode": "READ_WRITE",
                "source": "https://www.googleapis.com/compute/v1/projects/adminsistemas-401916/zones/europe-southwest1-c/disks/osd-instance-2"
              }
            ],
            "can_ip_forward": false,
            "confidential_instance_config": [],
            "cpu_platform": "Intel Broadwell",
            "current_status": "RUNNING",
            "deletion_protection": false,
            "description": "",
            "desired_status": null,
            "effective_labels": {},
            "enable_display": false,
            "guest_accelerator": [],
            "hostname": "",
            "id": "projects/adminsistemas-401916/zones/europe-southwest1-c/instances/osd-instance-2",
            "instance_id": "243172968322641513",
            "label_fingerprint": "42WmSpB8rSM=",
            "labels": null,
            "machine_type": "e2-medium",
            "metadata": null,
            "metadata_fingerprint": "KrVHECkUIMU=",
            "metadata_startup_script": null,
            "min_cpu_platform": "",
            "name": "osd-instance-2",
            "network_interface": [
              {
                "access_config": [
                  {
                    "nat_ip": "34.175.245.125",
                    "network_tier": "PREMIUM",
                    "public_ptr_domain_name": ""
                  }
                ],
                "alias_ip_range": [],
                "internal_ipv6_prefix_length": 0,
                "ipv6_access_config": [],
                "ipv6_access_type": "",
                "ipv6_address": "",
                "name": "nic0",
                "network": "https://www.googleapis.com/compute/v1/projects/adminsistemas-401916/global/networks/default",
                "network_ip": "10.204.15.227",
                "nic_type": "",
                "queue_count": 0,
                "stack_type": "IPV4_ONLY",
                "subnetwork": "https://www.googleapis.com/compute/v1/projects/adminsistemas-401916/regions/europe-southwest1/subnetworks/default",
                "subnetwork_project": "adminsistemas-401916"
              }
            ],
            "network_performance_config": [],
            "params": [],
            "project": "adminsistemas-401916",
            "reservation_affinity": [],
            "resource_policies": null,
            "scheduling": [
              {
                "automatic_restart": true,
                "instance_termination_action": "",
                "local_ssd_recovery_timeout": [],
                "min_node_cpus": 0,
                "node_affinities": [],
                "on_host_maintenance": "MIGRATE",
                "preemptible": false,
                "provisioning_model": "STANDARD"
              }
            ],
            "scratch_disk": [],
            "self_link": "https://www.googleapis.com/compute/v1/projects/adminsistemas-401916/zones/europe-southwest1-c/instances/osd-instance-2",
            "service_account": [],
            "shielded_instance_config": [
              {
                "enable_integrity_monitoring": true,
                "enable_secure_boot": false,
                "enable_vtpm": true
              }
            ],
            "tags": [
              "http-server",
              "https-server"
            ],
            "tags_fingerprint": "6smc4R4d39I=",
            "terraform_labels": {},
            "timeouts": null,
            "zone": "europe-southwest1-c"
          },
          "sensitive_attributes": [],
          "private": "eyJlMmJmYjczMC1lY2FhLTExZTYtOGY4OC0zNDM2M2JjN2M0YzAiOnsiY3JlYXRlIjoxMjAwMDAwMDAwMDAwLCJkZWxldGUiOjEyMDAwMDAwMDAwMDAsInVwZGF0ZSI6MTIwMDAwMDAwMDAwMH0sInNjaGVtYV92ZXJzaW9uIjoiNiJ9",
          "dependencies": [
            "data.google_compute_network.default_network",
            "data.google_compute_subnetwork.default_subnetwork",
            "google_compute_address.osd_2_ip_external",
            "google_compute_address.osd_2_ip_internal"
          ]
        }
      ]
    },
    {
      "mode": "managed",
      "type": "google_compute_project_metadata",
      "name": "ssh_keys",
      "provider": "provider[\"registry.terraform.io/hashicorp/google\"]",
      "instances": [
        {
          "schema_version": 0,
          "attributes": {
            "id": "adminsistemas-401916",
            "metadata": {
              "ssh-keys": "root:ssh-ed25519 AAAAC3NzaC1lZDI1NTE5AAAAID5fYPNsEc0qnYBasA4lDC0EP50JjYe/xZ7kr46jE/4i\n"
            },
            "project": "adminsistemas-401916",
            "timeouts": null
          },
          "sensitive_attributes": [],
          "private": "eyJlMmJmYjczMC1lY2FhLTExZTYtOGY4OC0zNDM2M2JjN2M0YzAiOnsiY3JlYXRlIjoyNDAwMDAwMDAwMDAsImRlbGV0ZSI6MjQwMDAwMDAwMDAwfX0=",
          "dependencies": [
            "tls_private_key.ssh_key"
          ]
        }
      ]
    },
    {
      "mode": "managed",
      "type": "null_resource",
      "name": "setup_hosts_file",
      "provider": "provider[\"registry.terraform.io/hashicorp/null\"]",
      "instances": [
        {
          "schema_version": 0,
          "attributes": {
            "id": "4759051400661929170",
            "triggers": null
          },
          "sensitive_attributes": [],
          "dependencies": [
            "data.google_compute_network.default_network",
            "data.google_compute_subnetwork.default_subnetwork",
            "google_compute_address.client_1_ip_external",
            "google_compute_address.client_1_ip_internal",
            "google_compute_address.mgr_1_ip_external",
            "google_compute_address.mgr_1_ip_internal",
            "google_compute_address.mon_1_ip_external",
            "google_compute_address.mon_1_ip_internal",
            "google_compute_address.osd_1_ip_external",
            "google_compute_address.osd_1_ip_internal",
            "google_compute_address.osd_2_ip_external",
            "google_compute_address.osd_2_ip_internal",
            "google_compute_instance.client_1",
            "google_compute_instance.mgr_1",
            "google_compute_instance.mon_1",
            "google_compute_instance.osd_node_1",
            "google_compute_instance.osd_node_2",
            "null_resource.ssh_key_copy",
            "tls_private_key.ssh_key"
          ]
        }
      ]
    },
    {
      "mode": "managed",
      "type": "null_resource",
      "name": "ssh_key_copy",
      "provider": "provider[\"registry.terraform.io/hashicorp/null\"]",
      "instances": [
        {
          "schema_version": 0,
          "attributes": {
            "id": "8179967528351546491",
            "triggers": null
          },
          "sensitive_attributes": [],
          "dependencies": [
            "data.google_compute_network.default_network",
            "data.google_compute_subnetwork.default_subnetwork",
            "google_compute_address.client_1_ip_external",
            "google_compute_address.client_1_ip_internal",
            "google_compute_address.mgr_1_ip_external",
            "google_compute_address.mgr_1_ip_internal",
            "google_compute_address.mon_1_ip_external",
            "google_compute_address.mon_1_ip_internal",
            "google_compute_address.osd_1_ip_external",
            "google_compute_address.osd_1_ip_internal",
            "google_compute_address.osd_2_ip_external",
            "google_compute_address.osd_2_ip_internal",
            "google_compute_instance.client_1",
            "google_compute_instance.mgr_1",
            "google_compute_instance.mon_1",
            "google_compute_instance.osd_node_1",
            "google_compute_instance.osd_node_2",
            "tls_private_key.ssh_key"
          ]
        }
      ]
    },
    {
      "mode": "managed",
      "type": "tls_private_key",
      "name": "ssh_key",
      "provider": "provider[\"registry.terraform.io/hashicorp/tls\"]",
      "instances": [
        {
          "schema_version": 1,
          "attributes": {
            "algorithm": "ED25519",
            "ecdsa_curve": "P224",
            "id": "2298987bb6f32a3711bf97d278e30a6aed5df8f0",
            "private_key_openssh": "-----BEGIN OPENSSH PRIVATE KEY-----\nb3BlbnNzaC1rZXktdjEAAAAABG5vbmUAAAAEbm9uZQAAAAAAAAABAAAAMwAAAAtz\nc2gtZWQyNTUxOQAAACA+X2DzbBHNKp2AWrAOJQwtBD+dCY2Hv8We5K+OoxP+IgAA\nAIjt0MMN7dDDDQAAAAtzc2gtZWQyNTUxOQAAACA+X2DzbBHNKp2AWrAOJQwtBD+d\nCY2Hv8We5K+OoxP+IgAAAEBlA4UXpEdxVqJk+fMM7uK0IDQcvlxULZ6Y4KiiOMTC\nzT5fYPNsEc0qnYBasA4lDC0EP50JjYe/xZ7kr46jE/4iAAAAAAECAwQF\n-----END OPENSSH PRIVATE KEY-----\n",
            "private_key_pem": "-----BEGIN PRIVATE KEY-----\nMC4CAQAwBQYDK2VwBCIEIGUDhRekR3FWomT58wzu4rQgNBy+XFQtnpjgqKI4xMLN\n-----END PRIVATE KEY-----\n",
            "private_key_pem_pkcs8": "-----BEGIN PRIVATE KEY-----\nMC4CAQAwBQYDK2VwBCIEIGUDhRekR3FWomT58wzu4rQgNBy+XFQtnpjgqKI4xMLN\n-----END PRIVATE KEY-----\n",
            "public_key_fingerprint_md5": "2c:c9:36:f5:eb:85:39:c3:d2:b1:57:98:9c:8c:9b:57",
            "public_key_fingerprint_sha256": "SHA256:QIklUDqphh1uX96/vlN97x1k2Qd8TcM+MzVZ1GR1bnw",
            "public_key_openssh": "ssh-ed25519 AAAAC3NzaC1lZDI1NTE5AAAAID5fYPNsEc0qnYBasA4lDC0EP50JjYe/xZ7kr46jE/4i\n",
            "public_key_pem": "-----BEGIN PUBLIC KEY-----\nMCowBQYDK2VwAyEAPl9g82wRzSqdgFqwDiUMLQQ/nQmNh7/FnuSvjqMT/iI=\n-----END PUBLIC KEY-----\n",
            "rsa_bits": 2048
          },
          "sensitive_attributes": []
        }
      ]
    }
  ],
  "check_results": null
}
