{
  "version": 4,
  "terraform_version": "1.6.2",
  "serial": 119,
  "lineage": "8025032f-78ff-16f0-603b-d3b28b225858",
  "outputs": {},
  "resources": [
    {
      "mode": "data",
      "type": "google_compute_network",
      "name": "default_network",
      "provider": "provider[\"registry.terraform.io/hashicorp/google\"]",
      "instances": [
        {
          "schema_version": 0,
          "attributes": {
            "description": "Default network for the project",
            "gateway_ipv4": "",
            "id": "projects/adminsistemas-401916/global/networks/default",
            "name": "default",
            "project": null,
            "self_link": "https://www.googleapis.com/compute/v1/projects/adminsistemas-401916/global/networks/default",
            "subnetworks_self_links": [
              "https://www.googleapis.com/compute/v1/projects/adminsistemas-401916/regions/australia-southeast2/subnetworks/default",
              "https://www.googleapis.com/compute/v1/projects/adminsistemas-401916/regions/us-west8/subnetworks/default",
              "https://www.googleapis.com/compute/v1/projects/adminsistemas-401916/regions/me-central2/subnetworks/default",
              "https://www.googleapis.com/compute/v1/projects/adminsistemas-401916/regions/us-east7/subnetworks/default",
              "https://www.googleapis.com/compute/v1/projects/adminsistemas-401916/regions/asia-northeast1/subnetworks/default",
              "https://www.googleapis.com/compute/v1/projects/adminsistemas-401916/regions/asia-northeast3/subnetworks/default",
              "https://www.googleapis.com/compute/v1/projects/adminsistemas-401916/regions/us-south1/subnetworks/default",
              "https://www.googleapis.com/compute/v1/projects/adminsistemas-401916/regions/africa-south1/subnetworks/default",
              "https://www.googleapis.com/compute/v1/projects/adminsistemas-401916/regions/us-west1/subnetworks/default",
              "https://www.googleapis.com/compute/v1/projects/adminsistemas-401916/regions/us-east1/subnetworks/default",
              "https://www.googleapis.com/compute/v1/projects/adminsistemas-401916/regions/southamerica-east1/subnetworks/default",
              "https://www.googleapis.com/compute/v1/projects/adminsistemas-401916/regions/europe-central2/subnetworks/default",
              "https://www.googleapis.com/compute/v1/projects/adminsistemas-401916/regions/asia-northeast2/subnetworks/default",
              "https://www.googleapis.com/compute/v1/projects/adminsistemas-401916/regions/northamerica-northeast1/subnetworks/default",
              "https://www.googleapis.com/compute/v1/projects/adminsistemas-401916/regions/asia-east2/subnetworks/default",
              "https://www.googleapis.com/compute/v1/projects/adminsistemas-401916/regions/us-central1/subnetworks/default",
              "https://www.googleapis.com/compute/v1/projects/adminsistemas-401916/regions/asia-southeast2/subnetworks/default",
              "https://www.googleapis.com/compute/v1/projects/adminsistemas-401916/regions/europe-west1/subnetworks/default",
              "https://www.googleapis.com/compute/v1/projects/adminsistemas-401916/regions/me-central1/subnetworks/default",
              "https://www.googleapis.com/compute/v1/projects/adminsistemas-401916/regions/us-west2/subnetworks/default",
              "https://www.googleapis.com/compute/v1/projects/adminsistemas-401916/regions/europe-west8/subnetworks/default",
              "https://www.googleapis.com/compute/v1/projects/adminsistemas-401916/regions/europe-west10/subnetworks/default",
              "https://www.googleapis.com/compute/v1/projects/adminsistemas-401916/regions/us-east5/subnetworks/default",
              "https://www.googleapis.com/compute/v1/projects/adminsistemas-401916/regions/europe-west9/subnetworks/default",
              "https://www.googleapis.com/compute/v1/projects/adminsistemas-401916/regions/northamerica-northeast2/subnetworks/default",
              "https://www.googleapis.com/compute/v1/projects/adminsistemas-401916/regions/us-west3/subnetworks/default",
              "https://www.googleapis.com/compute/v1/projects/adminsistemas-401916/regions/europe-west4/subnetworks/default",
              "https://www.googleapis.com/compute/v1/projects/adminsistemas-401916/regions/asia-southeast1/subnetworks/default",
              "https://www.googleapis.com/compute/v1/projects/adminsistemas-401916/regions/europe-west6/subnetworks/default",
              "https://www.googleapis.com/compute/v1/projects/adminsistemas-401916/regions/me-west1/subnetworks/default",
              "https://www.googleapis.com/compute/v1/projects/adminsistemas-401916/regions/southamerica-west1/subnetworks/default",
              "https://www.googleapis.com/compute/v1/projects/adminsistemas-401916/regions/europe-west2/subnetworks/default",
              "https://www.googleapis.com/compute/v1/projects/adminsistemas-401916/regions/asia-south2/subnetworks/default",
              "https://www.googleapis.com/compute/v1/projects/adminsistemas-401916/regions/asia-east1/subnetworks/default",
              "https://www.googleapis.com/compute/v1/projects/adminsistemas-401916/regions/us-west4/subnetworks/default",
              "https://www.googleapis.com/compute/v1/projects/adminsistemas-401916/regions/us-east4/subnetworks/default",
              "https://www.googleapis.com/compute/v1/projects/adminsistemas-401916/regions/europe-north1/subnetworks/default",
              "https://www.googleapis.com/compute/v1/projects/adminsistemas-401916/regions/europe-west3/subnetworks/default",
              "https://www.googleapis.com/compute/v1/projects/adminsistemas-401916/regions/asia-south1/subnetworks/default",
              "https://www.googleapis.com/compute/v1/projects/adminsistemas-401916/regions/europe-west12/subnetworks/default",
              "https://www.googleapis.com/compute/v1/projects/adminsistemas-401916/regions/europe-southwest1/subnetworks/default",
              "https://www.googleapis.com/compute/v1/projects/adminsistemas-401916/regions/australia-southeast1/subnetworks/default"
            ]
          },
          "sensitive_attributes": []
        }
      ]
    },
    {
      "mode": "data",
      "type": "google_compute_subnetwork",
      "name": "default_subnetwork",
      "provider": "provider[\"registry.terraform.io/hashicorp/google\"]",
      "instances": [
        {
          "schema_version": 0,
          "attributes": {
            "description": "",
            "gateway_address": "10.204.0.1",
            "id": "projects/adminsistemas-401916/regions/europe-southwest1/subnetworks/default",
            "ip_cidr_range": "10.204.0.0/20",
            "name": "default",
            "network": "https://www.googleapis.com/compute/v1/projects/adminsistemas-401916/global/networks/default",
            "private_ip_google_access": false,
            "project": "adminsistemas-401916",
            "region": "europe-southwest1",
            "secondary_ip_range": [],
            "self_link": "https://www.googleapis.com/compute/v1/projects/adminsistemas-401916/regions/europe-southwest1/subnetworks/default"
          },
          "sensitive_attributes": []
        }
      ]
    },
    {
      "mode": "managed",
      "type": "google_compute_address",
      "name": "client_1_ip_external",
      "provider": "provider[\"registry.terraform.io/hashicorp/google\"]",
      "instances": [
        {
          "schema_version": 0,
          "attributes": {
            "address": "34.175.126.213",
            "address_type": "EXTERNAL",
            "creation_timestamp": "2023-11-23T08:39:33.472-08:00",
            "description": "",
            "effective_labels": {},
            "id": "projects/adminsistemas-401916/regions/europe-southwest1/addresses/client-1-ip-external",
            "ip_version": "",
            "ipv6_endpoint_type": "",
            "label_fingerprint": "42WmSpB8rSM=",
            "labels": null,
            "name": "client-1-ip-external",
            "network": "",
            "network_tier": "PREMIUM",
            "prefix_length": 0,
            "project": "adminsistemas-401916",
            "purpose": "",
            "region": "europe-southwest1",
            "self_link": "https://www.googleapis.com/compute/v1/projects/adminsistemas-401916/regions/europe-southwest1/addresses/client-1-ip-external",
            "subnetwork": "",
            "terraform_labels": {},
            "timeouts": null,
            "users": []
          },
          "sensitive_attributes": [],
          "private": "eyJlMmJmYjczMC1lY2FhLTExZTYtOGY4OC0zNDM2M2JjN2M0YzAiOnsiY3JlYXRlIjoxMjAwMDAwMDAwMDAwLCJkZWxldGUiOjEyMDAwMDAwMDAwMDAsInVwZGF0ZSI6MTIwMDAwMDAwMDAwMH19"
        }
      ]
    },
    {
      "mode": "managed",
      "type": "google_compute_address",
      "name": "client_1_ip_internal",
      "provider": "provider[\"registry.terraform.io/hashicorp/google\"]",
      "instances": [
        {
          "schema_version": 0,
          "attributes": {
            "address": "10.204.15.216",
            "address_type": "INTERNAL",
            "creation_timestamp": "2023-11-23T08:39:34.701-08:00",
            "description": "",
            "effective_labels": {},
            "id": "projects/adminsistemas-401916/regions/europe-southwest1/addresses/client-1-ip-internal",
            "ip_version": "",
            "ipv6_endpoint_type": "",
            "label_fingerprint": "42WmSpB8rSM=",
            "labels": null,
            "name": "client-1-ip-internal",
            "network": "",
            "network_tier": "PREMIUM",
            "prefix_length": 0,
            "project": "adminsistemas-401916",
            "purpose": "GCE_ENDPOINT",
            "region": "europe-southwest1",
            "self_link": "https://www.googleapis.com/compute/v1/projects/adminsistemas-401916/regions/europe-southwest1/addresses/client-1-ip-internal",
            "subnetwork": "https://www.googleapis.com/compute/v1/projects/adminsistemas-401916/regions/europe-southwest1/subnetworks/default",
            "terraform_labels": {},
            "timeouts": null,
            "users": []
          },
          "sensitive_attributes": [],
          "private": "eyJlMmJmYjczMC1lY2FhLTExZTYtOGY4OC0zNDM2M2JjN2M0YzAiOnsiY3JlYXRlIjoxMjAwMDAwMDAwMDAwLCJkZWxldGUiOjEyMDAwMDAwMDAwMDAsInVwZGF0ZSI6MTIwMDAwMDAwMDAwMH19",
          "dependencies": [
            "data.google_compute_subnetwork.default_subnetwork"
          ]
        }
      ]
    },
    {
      "mode": "managed",
      "type": "google_compute_address",
      "name": "mgr_1_ip_external",
      "provider": "provider[\"registry.terraform.io/hashicorp/google\"]",
      "instances": [
        {
          "schema_version": 0,
          "attributes": {
            "address": "34.175.212.146",
            "address_type": "EXTERNAL",
            "creation_timestamp": "2023-11-23T08:39:33.490-08:00",
            "description": "",
            "effective_labels": {},
            "id": "projects/adminsistemas-401916/regions/europe-southwest1/addresses/mgr-1-ip-external",
            "ip_version": "",
            "ipv6_endpoint_type": "",
            "label_fingerprint": "42WmSpB8rSM=",
            "labels": null,
            "name": "mgr-1-ip-external",
            "network": "",
            "network_tier": "PREMIUM",
            "prefix_length": 0,
            "project": "adminsistemas-401916",
            "purpose": "",
            "region": "europe-southwest1",
            "self_link": "https://www.googleapis.com/compute/v1/projects/adminsistemas-401916/regions/europe-southwest1/addresses/mgr-1-ip-external",
            "subnetwork": "",
            "terraform_labels": {},
            "timeouts": null,
            "users": []
          },
          "sensitive_attributes": [],
          "private": "eyJlMmJmYjczMC1lY2FhLTExZTYtOGY4OC0zNDM2M2JjN2M0YzAiOnsiY3JlYXRlIjoxMjAwMDAwMDAwMDAwLCJkZWxldGUiOjEyMDAwMDAwMDAwMDAsInVwZGF0ZSI6MTIwMDAwMDAwMDAwMH19"
        }
      ]
    },
    {
      "mode": "managed",
      "type": "google_compute_address",
      "name": "mgr_1_ip_internal",
      "provider": "provider[\"registry.terraform.io/hashicorp/google\"]",
      "instances": [
        {
          "schema_version": 0,
          "attributes": {
            "address": "10.204.15.218",
            "address_type": "INTERNAL",
            "creation_timestamp": "2023-11-23T08:39:36.239-08:00",
            "description": "",
            "effective_labels": {},
            "id": "projects/adminsistemas-401916/regions/europe-southwest1/addresses/mgr-1-ip-internal",
            "ip_version": "",
            "ipv6_endpoint_type": "",
            "label_fingerprint": "42WmSpB8rSM=",
            "labels": null,
            "name": "mgr-1-ip-internal",
            "network": "",
            "network_tier": "PREMIUM",
            "prefix_length": 0,
            "project": "adminsistemas-401916",
            "purpose": "GCE_ENDPOINT",
            "region": "europe-southwest1",
            "self_link": "https://www.googleapis.com/compute/v1/projects/adminsistemas-401916/regions/europe-southwest1/addresses/mgr-1-ip-internal",
            "subnetwork": "https://www.googleapis.com/compute/v1/projects/adminsistemas-401916/regions/europe-southwest1/subnetworks/default",
            "terraform_labels": {},
            "timeouts": null,
            "users": []
          },
          "sensitive_attributes": [],
          "private": "eyJlMmJmYjczMC1lY2FhLTExZTYtOGY4OC0zNDM2M2JjN2M0YzAiOnsiY3JlYXRlIjoxMjAwMDAwMDAwMDAwLCJkZWxldGUiOjEyMDAwMDAwMDAwMDAsInVwZGF0ZSI6MTIwMDAwMDAwMDAwMH19",
          "dependencies": [
            "data.google_compute_subnetwork.default_subnetwork"
          ]
        }
      ]
    },
    {
      "mode": "managed",
      "type": "google_compute_address",
      "name": "mon_1_ip_external",
      "provider": "provider[\"registry.terraform.io/hashicorp/google\"]",
      "instances": [
        {
          "schema_version": 0,
          "attributes": {
            "address": "34.175.136.71",
            "address_type": "EXTERNAL",
            "creation_timestamp": "2023-11-23T08:39:33.483-08:00",
            "description": "",
            "effective_labels": {},
            "id": "projects/adminsistemas-401916/regions/europe-southwest1/addresses/mon-1-ip-external",
            "ip_version": "",
            "ipv6_endpoint_type": "",
            "label_fingerprint": "42WmSpB8rSM=",
            "labels": null,
            "name": "mon-1-ip-external",
            "network": "",
            "network_tier": "PREMIUM",
            "prefix_length": 0,
            "project": "adminsistemas-401916",
            "purpose": "",
            "region": "europe-southwest1",
            "self_link": "https://www.googleapis.com/compute/v1/projects/adminsistemas-401916/regions/europe-southwest1/addresses/mon-1-ip-external",
            "subnetwork": "",
            "terraform_labels": {},
            "timeouts": null,
            "users": []
          },
          "sensitive_attributes": [],
          "private": "eyJlMmJmYjczMC1lY2FhLTExZTYtOGY4OC0zNDM2M2JjN2M0YzAiOnsiY3JlYXRlIjoxMjAwMDAwMDAwMDAwLCJkZWxldGUiOjEyMDAwMDAwMDAwMDAsInVwZGF0ZSI6MTIwMDAwMDAwMDAwMH19"
        }
      ]
    },
    {
      "mode": "managed",
      "type": "google_compute_address",
      "name": "mon_1_ip_internal",
      "provider": "provider[\"registry.terraform.io/hashicorp/google\"]",
      "instances": [
        {
          "schema_version": 0,
          "attributes": {
            "address": "10.204.15.214",
            "address_type": "INTERNAL",
            "creation_timestamp": "2023-11-23T08:39:33.491-08:00",
            "description": "",
            "effective_labels": {},
            "id": "projects/adminsistemas-401916/regions/europe-southwest1/addresses/mon-1-ip-internal",
            "ip_version": "",
            "ipv6_endpoint_type": "",
            "label_fingerprint": "42WmSpB8rSM=",
            "labels": null,
            "name": "mon-1-ip-internal",
            "network": "",
            "network_tier": "PREMIUM",
            "prefix_length": 0,
            "project": "adminsistemas-401916",
            "purpose": "GCE_ENDPOINT",
            "region": "europe-southwest1",
            "self_link": "https://www.googleapis.com/compute/v1/projects/adminsistemas-401916/regions/europe-southwest1/addresses/mon-1-ip-internal",
            "subnetwork": "https://www.googleapis.com/compute/v1/projects/adminsistemas-401916/regions/europe-southwest1/subnetworks/default",
            "terraform_labels": {},
            "timeouts": null,
            "users": []
          },
          "sensitive_attributes": [],
          "private": "eyJlMmJmYjczMC1lY2FhLTExZTYtOGY4OC0zNDM2M2JjN2M0YzAiOnsiY3JlYXRlIjoxMjAwMDAwMDAwMDAwLCJkZWxldGUiOjEyMDAwMDAwMDAwMDAsInVwZGF0ZSI6MTIwMDAwMDAwMDAwMH19",
          "dependencies": [
            "data.google_compute_subnetwork.default_subnetwork"
          ]
        }
      ]
    },
    {
      "mode": "managed",
      "type": "google_compute_address",
      "name": "osd_1_ip_external",
      "provider": "provider[\"registry.terraform.io/hashicorp/google\"]",
      "instances": [
        {
          "schema_version": 0,
          "attributes": {
            "address": "34.175.161.52",
            "address_type": "EXTERNAL",
            "creation_timestamp": "2023-11-23T08:39:33.483-08:00",
            "description": "",
            "effective_labels": {},
            "id": "projects/adminsistemas-401916/regions/europe-southwest1/addresses/osd-1-ip-external",
            "ip_version": "",
            "ipv6_endpoint_type": "",
            "label_fingerprint": "42WmSpB8rSM=",
            "labels": null,
            "name": "osd-1-ip-external",
            "network": "",
            "network_tier": "PREMIUM",
            "prefix_length": 0,
            "project": "adminsistemas-401916",
            "purpose": "",
            "region": "europe-southwest1",
            "self_link": "https://www.googleapis.com/compute/v1/projects/adminsistemas-401916/regions/europe-southwest1/addresses/osd-1-ip-external",
            "subnetwork": "",
            "terraform_labels": {},
            "timeouts": null,
            "users": []
          },
          "sensitive_attributes": [],
          "private": "eyJlMmJmYjczMC1lY2FhLTExZTYtOGY4OC0zNDM2M2JjN2M0YzAiOnsiY3JlYXRlIjoxMjAwMDAwMDAwMDAwLCJkZWxldGUiOjEyMDAwMDAwMDAwMDAsInVwZGF0ZSI6MTIwMDAwMDAwMDAwMH19"
        }
      ]
    },
    {
      "mode": "managed",
      "type": "google_compute_address",
      "name": "osd_1_ip_internal",
      "provider": "provider[\"registry.terraform.io/hashicorp/google\"]",
      "instances": [
        {
          "schema_version": 0,
          "attributes": {
            "address": "10.204.15.217",
            "address_type": "INTERNAL",
            "creation_timestamp": "2023-11-23T08:39:34.703-08:00",
            "description": "",
            "effective_labels": {},
            "id": "projects/adminsistemas-401916/regions/europe-southwest1/addresses/osd-1-ip-internal",
            "ip_version": "",
            "ipv6_endpoint_type": "",
            "label_fingerprint": "42WmSpB8rSM=",
            "labels": null,
            "name": "osd-1-ip-internal",
            "network": "",
            "network_tier": "PREMIUM",
            "prefix_length": 0,
            "project": "adminsistemas-401916",
            "purpose": "GCE_ENDPOINT",
            "region": "europe-southwest1",
            "self_link": "https://www.googleapis.com/compute/v1/projects/adminsistemas-401916/regions/europe-southwest1/addresses/osd-1-ip-internal",
            "subnetwork": "https://www.googleapis.com/compute/v1/projects/adminsistemas-401916/regions/europe-southwest1/subnetworks/default",
            "terraform_labels": {},
            "timeouts": null,
            "users": []
          },
          "sensitive_attributes": [],
          "private": "eyJlMmJmYjczMC1lY2FhLTExZTYtOGY4OC0zNDM2M2JjN2M0YzAiOnsiY3JlYXRlIjoxMjAwMDAwMDAwMDAwLCJkZWxldGUiOjEyMDAwMDAwMDAwMDAsInVwZGF0ZSI6MTIwMDAwMDAwMDAwMH19",
          "dependencies": [
            "data.google_compute_subnetwork.default_subnetwork"
          ]
        }
      ]
    },
    {
      "mode": "managed",
      "type": "google_compute_address",
      "name": "osd_2_ip_external",
      "provider": "provider[\"registry.terraform.io/hashicorp/google\"]",
      "instances": [
        {
          "schema_version": 0,
          "attributes": {
            "address": "34.175.242.21",
            "address_type": "EXTERNAL",
            "creation_timestamp": "2023-11-23T08:39:33.483-08:00",
            "description": "",
            "effective_labels": {},
            "id": "projects/adminsistemas-401916/regions/europe-southwest1/addresses/osd-2-ip-external",
            "ip_version": "",
            "ipv6_endpoint_type": "",
            "label_fingerprint": "42WmSpB8rSM=",
            "labels": null,
            "name": "osd-2-ip-external",
            "network": "",
            "network_tier": "PREMIUM",
            "prefix_length": 0,
            "project": "adminsistemas-401916",
            "purpose": "",
            "region": "europe-southwest1",
            "self_link": "https://www.googleapis.com/compute/v1/projects/adminsistemas-401916/regions/europe-southwest1/addresses/osd-2-ip-external",
            "subnetwork": "",
            "terraform_labels": {},
            "timeouts": null,
            "users": []
          },
          "sensitive_attributes": [],
          "private": "eyJlMmJmYjczMC1lY2FhLTExZTYtOGY4OC0zNDM2M2JjN2M0YzAiOnsiY3JlYXRlIjoxMjAwMDAwMDAwMDAwLCJkZWxldGUiOjEyMDAwMDAwMDAwMDAsInVwZGF0ZSI6MTIwMDAwMDAwMDAwMH19"
        }
      ]
    },
    {
      "mode": "managed",
      "type": "google_compute_address",
      "name": "osd_2_ip_internal",
      "provider": "provider[\"registry.terraform.io/hashicorp/google\"]",
      "instances": [
        {
          "schema_version": 0,
          "attributes": {
            "address": "10.204.15.215",
            "address_type": "INTERNAL",
            "creation_timestamp": "2023-11-23T08:39:33.498-08:00",
            "description": "",
            "effective_labels": {},
            "id": "projects/adminsistemas-401916/regions/europe-southwest1/addresses/osd-2-ip-internal",
            "ip_version": "",
            "ipv6_endpoint_type": "",
            "label_fingerprint": "42WmSpB8rSM=",
            "labels": null,
            "name": "osd-2-ip-internal",
            "network": "",
            "network_tier": "PREMIUM",
            "prefix_length": 0,
            "project": "adminsistemas-401916",
            "purpose": "GCE_ENDPOINT",
            "region": "europe-southwest1",
            "self_link": "https://www.googleapis.com/compute/v1/projects/adminsistemas-401916/regions/europe-southwest1/addresses/osd-2-ip-internal",
            "subnetwork": "https://www.googleapis.com/compute/v1/projects/adminsistemas-401916/regions/europe-southwest1/subnetworks/default",
            "terraform_labels": {},
            "timeouts": null,
            "users": []
          },
          "sensitive_attributes": [],
          "private": "eyJlMmJmYjczMC1lY2FhLTExZTYtOGY4OC0zNDM2M2JjN2M0YzAiOnsiY3JlYXRlIjoxMjAwMDAwMDAwMDAwLCJkZWxldGUiOjEyMDAwMDAwMDAwMDAsInVwZGF0ZSI6MTIwMDAwMDAwMDAwMH19",
          "dependencies": [
            "data.google_compute_subnetwork.default_subnetwork"
          ]
        }
      ]
    },
    {
      "mode": "managed",
      "type": "google_compute_disk",
      "name": "osd_1_disk_ssd",
      "provider": "provider[\"registry.terraform.io/hashicorp/google\"]",
      "instances": [
        {
          "schema_version": 0,
          "attributes": {
            "async_primary_disk": [],
            "creation_timestamp": "2023-11-23T08:39:33.100-08:00",
            "description": "",
            "disk_encryption_key": [],
            "effective_labels": {},
            "guest_os_features": [],
            "id": "projects/adminsistemas-401916/zones/europe-southwest1-b/disks/osd-1-disk-ssd",
            "image": "",
            "label_fingerprint": "42WmSpB8rSM=",
            "labels": null,
            "last_attach_timestamp": "",
            "last_detach_timestamp": "",
            "licenses": [],
            "name": "osd-1-disk-ssd",
            "physical_block_size_bytes": 4096,
            "project": "adminsistemas-401916",
            "provisioned_iops": 0,
            "provisioned_throughput": 0,
            "self_link": "https://www.googleapis.com/compute/v1/projects/adminsistemas-401916/zones/europe-southwest1-b/disks/osd-1-disk-ssd",
            "size": 15,
            "snapshot": "",
            "source_disk": "",
            "source_disk_id": "",
            "source_image_encryption_key": [],
            "source_image_id": "",
            "source_snapshot_encryption_key": [],
            "source_snapshot_id": "",
            "terraform_labels": {},
            "timeouts": null,
            "type": "pd-ssd",
            "users": [],
            "zone": "europe-southwest1-b"
          },
          "sensitive_attributes": [],
          "private": "eyJlMmJmYjczMC1lY2FhLTExZTYtOGY4OC0zNDM2M2JjN2M0YzAiOnsiY3JlYXRlIjoxMjAwMDAwMDAwMDAwLCJkZWxldGUiOjEyMDAwMDAwMDAwMDAsInVwZGF0ZSI6MTIwMDAwMDAwMDAwMH19"
        }
      ]
    },
    {
      "mode": "managed",
      "type": "google_compute_disk",
      "name": "osd_1_disk_standard",
      "provider": "provider[\"registry.terraform.io/hashicorp/google\"]",
      "instances": [
        {
          "schema_version": 0,
          "attributes": {
            "async_primary_disk": [],
            "creation_timestamp": "2023-11-23T08:39:33.244-08:00",
            "description": "",
            "disk_encryption_key": [],
            "effective_labels": {},
            "guest_os_features": [],
            "id": "projects/adminsistemas-401916/zones/europe-southwest1-b/disks/osd-1-disk-standard",
            "image": "",
            "label_fingerprint": "42WmSpB8rSM=",
            "labels": null,
            "last_attach_timestamp": "",
            "last_detach_timestamp": "",
            "licenses": [],
            "name": "osd-1-disk-standard",
            "physical_block_size_bytes": 4096,
            "project": "adminsistemas-401916",
            "provisioned_iops": 0,
            "provisioned_throughput": 0,
            "self_link": "https://www.googleapis.com/compute/v1/projects/adminsistemas-401916/zones/europe-southwest1-b/disks/osd-1-disk-standard",
            "size": 10,
            "snapshot": "",
            "source_disk": "",
            "source_disk_id": "",
            "source_image_encryption_key": [],
            "source_image_id": "",
            "source_snapshot_encryption_key": [],
            "source_snapshot_id": "",
            "terraform_labels": {},
            "timeouts": null,
            "type": "pd-standard",
            "users": [],
            "zone": "europe-southwest1-b"
          },
          "sensitive_attributes": [],
          "private": "eyJlMmJmYjczMC1lY2FhLTExZTYtOGY4OC0zNDM2M2JjN2M0YzAiOnsiY3JlYXRlIjoxMjAwMDAwMDAwMDAwLCJkZWxldGUiOjEyMDAwMDAwMDAwMDAsInVwZGF0ZSI6MTIwMDAwMDAwMDAwMH19"
        }
      ]
    },
    {
      "mode": "managed",
      "type": "google_compute_disk",
      "name": "osd_2_disk_1",
      "provider": "provider[\"registry.terraform.io/hashicorp/google\"]",
      "instances": [
        {
          "schema_version": 0,
          "attributes": {
            "async_primary_disk": [],
            "creation_timestamp": "2023-11-23T08:39:34.366-08:00",
            "description": "",
            "disk_encryption_key": [],
            "effective_labels": {},
            "guest_os_features": [],
            "id": "projects/adminsistemas-401916/zones/europe-southwest1-b/disks/osd-2-disk-1",
            "image": "",
            "label_fingerprint": "42WmSpB8rSM=",
            "labels": null,
            "last_attach_timestamp": "",
            "last_detach_timestamp": "",
            "licenses": [],
            "name": "osd-2-disk-1",
            "physical_block_size_bytes": 4096,
            "project": "adminsistemas-401916",
            "provisioned_iops": 0,
            "provisioned_throughput": 0,
            "self_link": "https://www.googleapis.com/compute/v1/projects/adminsistemas-401916/zones/europe-southwest1-b/disks/osd-2-disk-1",
            "size": 10,
            "snapshot": "",
            "source_disk": "",
            "source_disk_id": "",
            "source_image_encryption_key": [],
            "source_image_id": "",
            "source_snapshot_encryption_key": [],
            "source_snapshot_id": "",
            "terraform_labels": {},
            "timeouts": null,
            "type": "pd-ssd",
            "users": [],
            "zone": "europe-southwest1-b"
          },
          "sensitive_attributes": [],
          "private": "eyJlMmJmYjczMC1lY2FhLTExZTYtOGY4OC0zNDM2M2JjN2M0YzAiOnsiY3JlYXRlIjoxMjAwMDAwMDAwMDAwLCJkZWxldGUiOjEyMDAwMDAwMDAwMDAsInVwZGF0ZSI6MTIwMDAwMDAwMDAwMH19"
        }
      ]
    },
    {
      "mode": "managed",
      "type": "google_compute_disk",
      "name": "osd_2_disk_2",
      "provider": "provider[\"registry.terraform.io/hashicorp/google\"]",
      "instances": [
        {
          "schema_version": 0,
          "attributes": {
            "async_primary_disk": [],
            "creation_timestamp": "2023-11-23T08:39:34.260-08:00",
            "description": "",
            "disk_encryption_key": [],
            "effective_labels": {},
            "guest_os_features": [],
            "id": "projects/adminsistemas-401916/zones/europe-southwest1-b/disks/osd-2-disk-2",
            "image": "",
            "label_fingerprint": "42WmSpB8rSM=",
            "labels": null,
            "last_attach_timestamp": "",
            "last_detach_timestamp": "",
            "licenses": [],
            "name": "osd-2-disk-2",
            "physical_block_size_bytes": 4096,
            "project": "adminsistemas-401916",
            "provisioned_iops": 0,
            "provisioned_throughput": 0,
            "self_link": "https://www.googleapis.com/compute/v1/projects/adminsistemas-401916/zones/europe-southwest1-b/disks/osd-2-disk-2",
            "size": 10,
            "snapshot": "",
            "source_disk": "",
            "source_disk_id": "",
            "source_image_encryption_key": [],
            "source_image_id": "",
            "source_snapshot_encryption_key": [],
            "source_snapshot_id": "",
            "terraform_labels": {},
            "timeouts": null,
            "type": "pd-ssd",
            "users": [],
            "zone": "europe-southwest1-b"
          },
          "sensitive_attributes": [],
          "private": "eyJlMmJmYjczMC1lY2FhLTExZTYtOGY4OC0zNDM2M2JjN2M0YzAiOnsiY3JlYXRlIjoxMjAwMDAwMDAwMDAwLCJkZWxldGUiOjEyMDAwMDAwMDAwMDAsInVwZGF0ZSI6MTIwMDAwMDAwMDAwMH19"
        }
      ]
    },
    {
      "mode": "managed",
      "type": "google_compute_instance",
      "name": "client_1",
      "provider": "provider[\"registry.terraform.io/hashicorp/google\"]",
      "instances": [
        {
          "status": "tainted",
          "schema_version": 6,
          "attributes": {
            "advanced_machine_features": [],
            "allow_stopping_for_update": null,
            "attached_disk": [],
            "boot_disk": [
              {
                "auto_delete": true,
                "device_name": "persistent-disk-0",
                "disk_encryption_key_raw": "",
                "disk_encryption_key_sha256": "",
                "initialize_params": [
                  {
                    "image": "https://www.googleapis.com/compute/v1/projects/debian-cloud/global/images/debian-11-bullseye-v20231115",
                    "labels": {},
                    "resource_manager_tags": null,
                    "size": 10,
                    "type": "pd-standard"
                  }
                ],
                "kms_key_self_link": "",
                "mode": "READ_WRITE",
                "source": "https://www.googleapis.com/compute/v1/projects/adminsistemas-401916/zones/europe-southwest1-b/disks/client-instance-1"
              }
            ],
            "can_ip_forward": false,
            "confidential_instance_config": [],
            "cpu_platform": "AMD Rome",
            "current_status": "RUNNING",
            "deletion_protection": false,
            "description": "",
            "desired_status": null,
            "effective_labels": {},
            "enable_display": false,
            "guest_accelerator": [],
            "hostname": "",
            "id": "projects/adminsistemas-401916/zones/europe-southwest1-b/instances/client-instance-1",
            "instance_id": "4323489584260464318",
            "label_fingerprint": "42WmSpB8rSM=",
            "labels": null,
            "machine_type": "e2-micro",
            "metadata": {
              "ssh-keys": "            root:ssh-ed25519 AAAAC3NzaC1lZDI1NTE5AAAAIL3MUis6A3DvI+sCMAXewZ7hECAoameXjOWcVNUjMCW/ sofia\r\n"
            },
            "metadata_fingerprint": "TgfOw5_rgG0=",
            "metadata_startup_script": null,
            "min_cpu_platform": "",
            "name": "client-instance-1",
            "network_interface": [
              {
                "access_config": [
                  {
                    "nat_ip": "34.175.126.213",
                    "network_tier": "PREMIUM",
                    "public_ptr_domain_name": ""
                  }
                ],
                "alias_ip_range": [],
                "internal_ipv6_prefix_length": 0,
                "ipv6_access_config": [],
                "ipv6_access_type": "",
                "ipv6_address": "",
                "name": "nic0",
                "network": "https://www.googleapis.com/compute/v1/projects/adminsistemas-401916/global/networks/default",
                "network_ip": "10.204.15.216",
                "nic_type": "",
                "queue_count": 0,
                "stack_type": "IPV4_ONLY",
                "subnetwork": "https://www.googleapis.com/compute/v1/projects/adminsistemas-401916/regions/europe-southwest1/subnetworks/default",
                "subnetwork_project": "adminsistemas-401916"
              }
            ],
            "network_performance_config": [],
            "params": [],
            "project": "adminsistemas-401916",
            "reservation_affinity": [],
            "resource_policies": null,
            "scheduling": [
              {
                "automatic_restart": true,
                "instance_termination_action": "",
                "local_ssd_recovery_timeout": [],
                "min_node_cpus": 0,
                "node_affinities": [],
                "on_host_maintenance": "MIGRATE",
                "preemptible": false,
                "provisioning_model": "STANDARD"
              }
            ],
            "scratch_disk": [],
            "self_link": "https://www.googleapis.com/compute/v1/projects/adminsistemas-401916/zones/europe-southwest1-b/instances/client-instance-1",
            "service_account": [],
            "shielded_instance_config": [
              {
                "enable_integrity_monitoring": true,
                "enable_secure_boot": false,
                "enable_vtpm": true
              }
            ],
            "tags": [
              "http-server",
              "https-server"
            ],
            "tags_fingerprint": "6smc4R4d39I=",
            "terraform_labels": {},
            "timeouts": null,
            "zone": "europe-southwest1-b"
          },
          "sensitive_attributes": [],
          "private": "eyJlMmJmYjczMC1lY2FhLTExZTYtOGY4OC0zNDM2M2JjN2M0YzAiOnsiY3JlYXRlIjoxMjAwMDAwMDAwMDAwLCJkZWxldGUiOjEyMDAwMDAwMDAwMDAsInVwZGF0ZSI6MTIwMDAwMDAwMDAwMH0sInNjaGVtYV92ZXJzaW9uIjoiNiJ9",
          "dependencies": [
            "data.google_compute_network.default_network",
            "data.google_compute_subnetwork.default_subnetwork",
            "google_compute_address.client_1_ip_external",
            "google_compute_address.client_1_ip_internal",
            "tls_private_key.ssh_key"
          ]
        }
      ]
    },
    {
      "mode": "managed",
      "type": "google_compute_instance",
      "name": "mgr_1",
      "provider": "provider[\"registry.terraform.io/hashicorp/google\"]",
      "instances": [
        {
          "status": "tainted",
          "schema_version": 6,
          "attributes": {
            "advanced_machine_features": [],
            "allow_stopping_for_update": null,
            "attached_disk": [],
            "boot_disk": [
              {
                "auto_delete": true,
                "device_name": "persistent-disk-0",
                "disk_encryption_key_raw": "",
                "disk_encryption_key_sha256": "",
                "initialize_params": [
                  {
                    "image": "https://www.googleapis.com/compute/v1/projects/debian-cloud/global/images/debian-11-bullseye-v20231115",
                    "labels": {},
                    "resource_manager_tags": null,
                    "size": 10,
                    "type": "pd-standard"
                  }
                ],
                "kms_key_self_link": "",
                "mode": "READ_WRITE",
                "source": "https://www.googleapis.com/compute/v1/projects/adminsistemas-401916/zones/europe-southwest1-b/disks/manager-instance-1"
              }
            ],
            "can_ip_forward": false,
            "confidential_instance_config": [],
            "cpu_platform": "AMD Rome",
            "current_status": "RUNNING",
            "deletion_protection": false,
            "description": "",
            "desired_status": null,
            "effective_labels": {},
            "enable_display": false,
            "guest_accelerator": [],
            "hostname": "",
            "id": "projects/adminsistemas-401916/zones/europe-southwest1-b/instances/manager-instance-1",
            "instance_id": "3660676989757570747",
            "label_fingerprint": "42WmSpB8rSM=",
            "labels": null,
            "machine_type": "e2-micro",
            "metadata": null,
            "metadata_fingerprint": "KrVHECkUIMU=",
            "metadata_startup_script": null,
            "min_cpu_platform": "",
            "name": "manager-instance-1",
            "network_interface": [
              {
                "access_config": [
                  {
                    "nat_ip": "34.175.212.146",
                    "network_tier": "PREMIUM",
                    "public_ptr_domain_name": ""
                  }
                ],
                "alias_ip_range": [],
                "internal_ipv6_prefix_length": 0,
                "ipv6_access_config": [],
                "ipv6_access_type": "",
                "ipv6_address": "",
                "name": "nic0",
                "network": "https://www.googleapis.com/compute/v1/projects/adminsistemas-401916/global/networks/default",
                "network_ip": "10.204.15.218",
                "nic_type": "",
                "queue_count": 0,
                "stack_type": "IPV4_ONLY",
                "subnetwork": "https://www.googleapis.com/compute/v1/projects/adminsistemas-401916/regions/europe-southwest1/subnetworks/default",
                "subnetwork_project": "adminsistemas-401916"
              }
            ],
            "network_performance_config": [],
            "params": [],
            "project": "adminsistemas-401916",
            "reservation_affinity": [],
            "resource_policies": null,
            "scheduling": [
              {
                "automatic_restart": true,
                "instance_termination_action": "",
                "local_ssd_recovery_timeout": [],
                "min_node_cpus": 0,
                "node_affinities": [],
                "on_host_maintenance": "MIGRATE",
                "preemptible": false,
                "provisioning_model": "STANDARD"
              }
            ],
            "scratch_disk": [],
            "self_link": "https://www.googleapis.com/compute/v1/projects/adminsistemas-401916/zones/europe-southwest1-b/instances/manager-instance-1",
            "service_account": [],
            "shielded_instance_config": [
              {
                "enable_integrity_monitoring": true,
                "enable_secure_boot": false,
                "enable_vtpm": true
              }
            ],
            "tags": [
              "http-server",
              "https-server"
            ],
            "tags_fingerprint": "6smc4R4d39I=",
            "terraform_labels": {},
            "timeouts": null,
            "zone": "europe-southwest1-b"
          },
          "sensitive_attributes": [],
          "private": "eyJlMmJmYjczMC1lY2FhLTExZTYtOGY4OC0zNDM2M2JjN2M0YzAiOnsiY3JlYXRlIjoxMjAwMDAwMDAwMDAwLCJkZWxldGUiOjEyMDAwMDAwMDAwMDAsInVwZGF0ZSI6MTIwMDAwMDAwMDAwMH0sInNjaGVtYV92ZXJzaW9uIjoiNiJ9",
          "dependencies": [
            "data.google_compute_network.default_network",
            "data.google_compute_subnetwork.default_subnetwork",
            "google_compute_address.mgr_1_ip_external",
            "google_compute_address.mgr_1_ip_internal",
            "tls_private_key.ssh_key"
          ]
        }
      ]
    },
    {
      "mode": "managed",
      "type": "google_compute_instance",
      "name": "mon_1",
      "provider": "provider[\"registry.terraform.io/hashicorp/google\"]",
      "instances": [
        {
          "status": "tainted",
          "schema_version": 6,
          "attributes": {
            "advanced_machine_features": [],
            "allow_stopping_for_update": null,
            "attached_disk": [],
            "boot_disk": [
              {
                "auto_delete": true,
                "device_name": "persistent-disk-0",
                "disk_encryption_key_raw": "",
                "disk_encryption_key_sha256": "",
                "initialize_params": [
                  {
                    "image": "https://www.googleapis.com/compute/v1/projects/debian-cloud/global/images/debian-11-bullseye-v20231115",
                    "labels": {},
                    "resource_manager_tags": null,
                    "size": 10,
                    "type": "pd-standard"
                  }
                ],
                "kms_key_self_link": "",
                "mode": "READ_WRITE",
                "source": "https://www.googleapis.com/compute/v1/projects/adminsistemas-401916/zones/europe-southwest1-b/disks/monitor-instance-1"
              }
            ],
            "can_ip_forward": false,
            "confidential_instance_config": [],
            "cpu_platform": "AMD Rome",
            "current_status": "RUNNING",
            "deletion_protection": false,
            "description": "",
            "desired_status": null,
            "effective_labels": {},
            "enable_display": false,
            "guest_accelerator": [],
            "hostname": "",
            "id": "projects/adminsistemas-401916/zones/europe-southwest1-b/instances/monitor-instance-1",
            "instance_id": "3923912782255374015",
            "label_fingerprint": "42WmSpB8rSM=",
            "labels": null,
            "machine_type": "e2-micro",
            "metadata": null,
            "metadata_fingerprint": "KrVHECkUIMU=",
            "metadata_startup_script": null,
            "min_cpu_platform": "",
            "name": "monitor-instance-1",
            "network_interface": [
              {
                "access_config": [
                  {
                    "nat_ip": "34.175.136.71",
                    "network_tier": "PREMIUM",
                    "public_ptr_domain_name": ""
                  }
                ],
                "alias_ip_range": [],
                "internal_ipv6_prefix_length": 0,
                "ipv6_access_config": [],
                "ipv6_access_type": "",
                "ipv6_address": "",
                "name": "nic0",
                "network": "https://www.googleapis.com/compute/v1/projects/adminsistemas-401916/global/networks/default",
                "network_ip": "10.204.15.214",
                "nic_type": "",
                "queue_count": 0,
                "stack_type": "IPV4_ONLY",
                "subnetwork": "https://www.googleapis.com/compute/v1/projects/adminsistemas-401916/regions/europe-southwest1/subnetworks/default",
                "subnetwork_project": "adminsistemas-401916"
              }
            ],
            "network_performance_config": [],
            "params": [],
            "project": "adminsistemas-401916",
            "reservation_affinity": [],
            "resource_policies": null,
            "scheduling": [
              {
                "automatic_restart": true,
                "instance_termination_action": "",
                "local_ssd_recovery_timeout": [],
                "min_node_cpus": 0,
                "node_affinities": [],
                "on_host_maintenance": "MIGRATE",
                "preemptible": false,
                "provisioning_model": "STANDARD"
              }
            ],
            "scratch_disk": [],
            "self_link": "https://www.googleapis.com/compute/v1/projects/adminsistemas-401916/zones/europe-southwest1-b/instances/monitor-instance-1",
            "service_account": [],
            "shielded_instance_config": [
              {
                "enable_integrity_monitoring": true,
                "enable_secure_boot": false,
                "enable_vtpm": true
              }
            ],
            "tags": [
              "http-server",
              "https-server"
            ],
            "tags_fingerprint": "6smc4R4d39I=",
            "terraform_labels": {},
            "timeouts": null,
            "zone": "europe-southwest1-b"
          },
          "sensitive_attributes": [],
          "private": "eyJlMmJmYjczMC1lY2FhLTExZTYtOGY4OC0zNDM2M2JjN2M0YzAiOnsiY3JlYXRlIjoxMjAwMDAwMDAwMDAwLCJkZWxldGUiOjEyMDAwMDAwMDAwMDAsInVwZGF0ZSI6MTIwMDAwMDAwMDAwMH0sInNjaGVtYV92ZXJzaW9uIjoiNiJ9",
          "dependencies": [
            "data.google_compute_network.default_network",
            "data.google_compute_subnetwork.default_subnetwork",
            "google_compute_address.mon_1_ip_external",
            "google_compute_address.mon_1_ip_internal",
            "tls_private_key.ssh_key"
          ]
        }
      ]
    },
    {
      "mode": "managed",
      "type": "google_compute_instance",
      "name": "osd_node_1",
      "provider": "provider[\"registry.terraform.io/hashicorp/google\"]",
      "instances": [
        {
          "status": "tainted",
          "schema_version": 6,
          "attributes": {
            "advanced_machine_features": [],
            "allow_stopping_for_update": null,
            "attached_disk": [],
            "boot_disk": [
              {
                "auto_delete": true,
                "device_name": "persistent-disk-0",
                "disk_encryption_key_raw": "",
                "disk_encryption_key_sha256": "",
                "initialize_params": [
                  {
                    "image": "https://www.googleapis.com/compute/v1/projects/debian-cloud/global/images/debian-11-bullseye-v20231115",
                    "labels": {},
                    "resource_manager_tags": null,
                    "size": 10,
                    "type": "pd-standard"
                  }
                ],
                "kms_key_self_link": "",
                "mode": "READ_WRITE",
                "source": "https://www.googleapis.com/compute/v1/projects/adminsistemas-401916/zones/europe-southwest1-b/disks/osd-instance-1"
              }
            ],
            "can_ip_forward": false,
            "confidential_instance_config": [],
            "cpu_platform": "AMD Rome",
            "current_status": "RUNNING",
            "deletion_protection": false,
            "description": "",
            "desired_status": null,
            "effective_labels": {},
            "enable_display": false,
            "guest_accelerator": [],
            "hostname": "",
            "id": "projects/adminsistemas-401916/zones/europe-southwest1-b/instances/osd-instance-1",
            "instance_id": "2738269558202842813",
            "label_fingerprint": "42WmSpB8rSM=",
            "labels": null,
            "machine_type": "e2-micro",
            "metadata": null,
            "metadata_fingerprint": "KrVHECkUIMU=",
            "metadata_startup_script": null,
            "min_cpu_platform": "",
            "name": "osd-instance-1",
            "network_interface": [
              {
                "access_config": [
                  {
                    "nat_ip": "34.175.161.52",
                    "network_tier": "PREMIUM",
                    "public_ptr_domain_name": ""
                  }
                ],
                "alias_ip_range": [],
                "internal_ipv6_prefix_length": 0,
                "ipv6_access_config": [],
                "ipv6_access_type": "",
                "ipv6_address": "",
                "name": "nic0",
                "network": "https://www.googleapis.com/compute/v1/projects/adminsistemas-401916/global/networks/default",
                "network_ip": "10.204.15.217",
                "nic_type": "",
                "queue_count": 0,
                "stack_type": "IPV4_ONLY",
                "subnetwork": "https://www.googleapis.com/compute/v1/projects/adminsistemas-401916/regions/europe-southwest1/subnetworks/default",
                "subnetwork_project": "adminsistemas-401916"
              }
            ],
            "network_performance_config": [],
            "params": [],
            "project": "adminsistemas-401916",
            "reservation_affinity": [],
            "resource_policies": null,
            "scheduling": [
              {
                "automatic_restart": true,
                "instance_termination_action": "",
                "local_ssd_recovery_timeout": [],
                "min_node_cpus": 0,
                "node_affinities": [],
                "on_host_maintenance": "MIGRATE",
                "preemptible": false,
                "provisioning_model": "STANDARD"
              }
            ],
            "scratch_disk": [],
            "self_link": "https://www.googleapis.com/compute/v1/projects/adminsistemas-401916/zones/europe-southwest1-b/instances/osd-instance-1",
            "service_account": [],
            "shielded_instance_config": [
              {
                "enable_integrity_monitoring": true,
                "enable_secure_boot": false,
                "enable_vtpm": true
              }
            ],
            "tags": [
              "http-server",
              "https-server"
            ],
            "tags_fingerprint": "6smc4R4d39I=",
            "terraform_labels": {},
            "timeouts": null,
            "zone": "europe-southwest1-b"
          },
          "sensitive_attributes": [],
          "private": "eyJlMmJmYjczMC1lY2FhLTExZTYtOGY4OC0zNDM2M2JjN2M0YzAiOnsiY3JlYXRlIjoxMjAwMDAwMDAwMDAwLCJkZWxldGUiOjEyMDAwMDAwMDAwMDAsInVwZGF0ZSI6MTIwMDAwMDAwMDAwMH0sInNjaGVtYV92ZXJzaW9uIjoiNiJ9",
          "dependencies": [
            "data.google_compute_network.default_network",
            "data.google_compute_subnetwork.default_subnetwork",
            "google_compute_address.osd_1_ip_external",
            "google_compute_address.osd_1_ip_internal",
            "tls_private_key.ssh_key"
          ]
        }
      ]
    },
    {
      "mode": "managed",
      "type": "google_compute_instance",
      "name": "osd_node_2",
      "provider": "provider[\"registry.terraform.io/hashicorp/google\"]",
      "instances": [
        {
          "status": "tainted",
          "schema_version": 6,
          "attributes": {
            "advanced_machine_features": [],
            "allow_stopping_for_update": null,
            "attached_disk": [],
            "boot_disk": [
              {
                "auto_delete": true,
                "device_name": "persistent-disk-0",
                "disk_encryption_key_raw": "",
                "disk_encryption_key_sha256": "",
                "initialize_params": [
                  {
                    "image": "https://www.googleapis.com/compute/v1/projects/debian-cloud/global/images/debian-11-bullseye-v20231115",
                    "labels": {},
                    "resource_manager_tags": null,
                    "size": 10,
                    "type": "pd-standard"
                  }
                ],
                "kms_key_self_link": "",
                "mode": "READ_WRITE",
                "source": "https://www.googleapis.com/compute/v1/projects/adminsistemas-401916/zones/europe-southwest1-b/disks/osd-instance-2"
              }
            ],
            "can_ip_forward": false,
            "confidential_instance_config": [],
            "cpu_platform": "AMD Rome",
            "current_status": "RUNNING",
            "deletion_protection": false,
            "description": "",
            "desired_status": null,
            "effective_labels": {},
            "enable_display": false,
            "guest_accelerator": [],
            "hostname": "",
            "id": "projects/adminsistemas-401916/zones/europe-southwest1-b/instances/osd-instance-2",
            "instance_id": "8393171513279397566",
            "label_fingerprint": "42WmSpB8rSM=",
            "labels": null,
            "machine_type": "e2-micro",
            "metadata": null,
            "metadata_fingerprint": "KrVHECkUIMU=",
            "metadata_startup_script": null,
            "min_cpu_platform": "",
            "name": "osd-instance-2",
            "network_interface": [
              {
                "access_config": [
                  {
                    "nat_ip": "34.175.242.21",
                    "network_tier": "PREMIUM",
                    "public_ptr_domain_name": ""
                  }
                ],
                "alias_ip_range": [],
                "internal_ipv6_prefix_length": 0,
                "ipv6_access_config": [],
                "ipv6_access_type": "",
                "ipv6_address": "",
                "name": "nic0",
                "network": "https://www.googleapis.com/compute/v1/projects/adminsistemas-401916/global/networks/default",
                "network_ip": "10.204.15.215",
                "nic_type": "",
                "queue_count": 0,
                "stack_type": "IPV4_ONLY",
                "subnetwork": "https://www.googleapis.com/compute/v1/projects/adminsistemas-401916/regions/europe-southwest1/subnetworks/default",
                "subnetwork_project": "adminsistemas-401916"
              }
            ],
            "network_performance_config": [],
            "params": [],
            "project": "adminsistemas-401916",
            "reservation_affinity": [],
            "resource_policies": null,
            "scheduling": [
              {
                "automatic_restart": true,
                "instance_termination_action": "",
                "local_ssd_recovery_timeout": [],
                "min_node_cpus": 0,
                "node_affinities": [],
                "on_host_maintenance": "MIGRATE",
                "preemptible": false,
                "provisioning_model": "STANDARD"
              }
            ],
            "scratch_disk": [],
            "self_link": "https://www.googleapis.com/compute/v1/projects/adminsistemas-401916/zones/europe-southwest1-b/instances/osd-instance-2",
            "service_account": [],
            "shielded_instance_config": [
              {
                "enable_integrity_monitoring": true,
                "enable_secure_boot": false,
                "enable_vtpm": true
              }
            ],
            "tags": [
              "http-server",
              "https-server"
            ],
            "tags_fingerprint": "6smc4R4d39I=",
            "terraform_labels": {},
            "timeouts": null,
            "zone": "europe-southwest1-b"
          },
          "sensitive_attributes": [],
          "private": "eyJlMmJmYjczMC1lY2FhLTExZTYtOGY4OC0zNDM2M2JjN2M0YzAiOnsiY3JlYXRlIjoxMjAwMDAwMDAwMDAwLCJkZWxldGUiOjEyMDAwMDAwMDAwMDAsInVwZGF0ZSI6MTIwMDAwMDAwMDAwMH0sInNjaGVtYV92ZXJzaW9uIjoiNiJ9",
          "dependencies": [
            "data.google_compute_network.default_network",
            "data.google_compute_subnetwork.default_subnetwork",
            "google_compute_address.osd_2_ip_external",
            "google_compute_address.osd_2_ip_internal",
            "tls_private_key.ssh_key"
          ]
        }
      ]
    },
    {
      "mode": "managed",
      "type": "google_compute_project_metadata",
      "name": "ssh_keys",
      "provider": "provider[\"registry.terraform.io/hashicorp/google\"]",
      "instances": [
        {
          "schema_version": 0,
          "attributes": {
            "id": "adminsistemas-401916",
            "metadata": {
              "ssh-keys": "debian:ssh-rsa AAAAB3NzaC1yc2EAAAADAQABAAABAQDAE9k3lCjMh2KtJIL+JE1tbY/BV/TegadFueNkbITo1QafVwqtLV8Ex8+q+pUO8MKnwto3ibGz4HIjDOekTEpmqM1o5/2EWFZbrUkfbWTQ6pK+viArY69gbwjDCiwzKC5Tyo3PmJFVQAK5rRPv/vdjlzwIZdLnK9QX0XB7mFB9csTSklVWuOT0g8g1XbnNJAwfM2v19vIv/57xUAwzLV+EiIlhxLfs+edfpIrzsp0Lzesg0ZavXaatypW3YekpGzyYsbqAhVZeae7qRSZS9Koe1mheMoFNx78cg062hNjGoIgSKadcTGKdip9qzo7Q5NpzPAj8/maVNvswjSRAShmH\n"
            },
            "project": "adminsistemas-401916",
            "timeouts": null
          },
          "sensitive_attributes": [],
          "private": "eyJlMmJmYjczMC1lY2FhLTExZTYtOGY4OC0zNDM2M2JjN2M0YzAiOnsiY3JlYXRlIjoyNDAwMDAwMDAwMDAsImRlbGV0ZSI6MjQwMDAwMDAwMDAwfX0=",
          "dependencies": [
            "tls_private_key.ssh_key"
          ]
        }
      ]
    },
    {
      "mode": "managed",
      "type": "tls_private_key",
      "name": "ssh_key",
      "provider": "provider[\"registry.terraform.io/hashicorp/tls\"]",
      "instances": [
        {
          "schema_version": 1,
          "attributes": {
            "algorithm": "RSA",
            "ecdsa_curve": "P224",
            "id": "8238ca682a0a5f792397b931ee12478dab196e16",
            "private_key_openssh": "-----BEGIN OPENSSH PRIVATE KEY-----\nb3BlbnNzaC1rZXktdjEAAAAABG5vbmUAAAAEbm9uZQAAAAAAAAABAAABFwAAAAdz\nc2gtcnNhAAAAAwEAAQAAAQEAwBPZN5QozIdirSSC/iRNbW2PwVf03oGnRbnjZGyE\n6NUGn1cKrS1fBMfPqvqVDvDCp8LaN4mxs+ByIwznpExKZqjNaOf9hFhWW61JH21k\n0OqSvr4gK2OvYG8IwwosMyguU8qNz5iRVUACua0T7/73Y5c8CGXS5yvUF9Fwe5hQ\nfXLE0pJVVrjk9IPINV25zSQMHzNr9fbyL/+e8VAMMy1fhIiJYcS37PnnX6SK87Kd\nC83rINGWr12mrcqVt2HpKRs8mLG6gIVWXmnu6kUmUvSqHtZoXjKBTce/HINOtoTY\nxqCIEimnXExinYqfas6O0OTaczwI/P5mlTb7MI0kQEoZhwAAA7hkGl1sZBpdbAAA\nAAdzc2gtcnNhAAABAQDAE9k3lCjMh2KtJIL+JE1tbY/BV/TegadFueNkbITo1Qaf\nVwqtLV8Ex8+q+pUO8MKnwto3ibGz4HIjDOekTEpmqM1o5/2EWFZbrUkfbWTQ6pK+\nviArY69gbwjDCiwzKC5Tyo3PmJFVQAK5rRPv/vdjlzwIZdLnK9QX0XB7mFB9csTS\nklVWuOT0g8g1XbnNJAwfM2v19vIv/57xUAwzLV+EiIlhxLfs+edfpIrzsp0Lzesg\n0ZavXaatypW3YekpGzyYsbqAhVZeae7qRSZS9Koe1mheMoFNx78cg062hNjGoIgS\nKadcTGKdip9qzo7Q5NpzPAj8/maVNvswjSRAShmHAAAAAwEAAQAAAQEAlkEwpBSn\nkc+6tl0gh7RYSWjykrm+mSztcFMI+e8WTZkPVChf9rbOZMv1vPfHEOfwLhH0aIuz\nUlYakyauMk1nykT0YsNQA26jJ5Y35HjL684EO2g5fBfAAnz5arGTf/VHwE5sfuAH\nmJu5RgyJ0y0t019kG+GjiSk1AejZyCWPmYGJiDFUASRqiYrnBWOjQBFpBb5GXY6G\nOQe84LOC7Z7AtgEgVYjPzRwiai2usjLgmQ6tadgM2lJMxDPeWEZOrSWw/kpo/CRv\nw8c9Ycm5c9mpTHJ5CIqdiZi9DCuVTEIlP0oBKgU64SjjZlSq9g1senzHXi8rwMdK\nJeeJQWv4SCsncQAAAIEAlHQuy2BtXgkDvzxOVm0gFmQMgJ17Tv66/HbUbo7WwwI/\nWmRFwqhtMsVyWGrSB4udNqDGoBzLTg22EuYXPRQ6E1PDVZFADvIZZ4ILmBNTSzGE\nlRjNYjWDpoKANEK5MJuCYqROXojwj29mOo2xe/fV7PBdbCJM4yVP+PgBaEzBBqAA\nAACBAM7m2zdNiEKk7b/wZpRSpKh0UPap6o6jCO1ZuWK1HnU+l6Kqdh8ONAjOyqWU\ncRMeVqeUICwEnThjsKJQPDeQam2x2mzzRZOZQQBSUmzZYCRKRW4aMFIgvIEajnB6\n0DoIQF0uuvSd+sWa5DsoiMZsFwzEp35ArgKv5JRMbmz4gROZAAAAgQDtqG3WVRar\na06+JmHUHxbECmcy7gRZuckCS1nxgey/iQyMYYYHJrqlfnMi1lZaQVwWSowaHZSl\nzeaV1GQaMTqtVfLYc8UyWRs0RGlz8/l0d68bE+DWZ/NQt/cWfYrMG2wxzJr19qlG\nm3mCR+7p73DzX3DsggZsIQkKyCaEaALKHwAAAAAB\n-----END OPENSSH PRIVATE KEY-----\n",
            "private_key_pem": "-----BEGIN RSA PRIVATE KEY-----\nMIIEpQIBAAKCAQEAwBPZN5QozIdirSSC/iRNbW2PwVf03oGnRbnjZGyE6NUGn1cK\nrS1fBMfPqvqVDvDCp8LaN4mxs+ByIwznpExKZqjNaOf9hFhWW61JH21k0OqSvr4g\nK2OvYG8IwwosMyguU8qNz5iRVUACua0T7/73Y5c8CGXS5yvUF9Fwe5hQfXLE0pJV\nVrjk9IPINV25zSQMHzNr9fbyL/+e8VAMMy1fhIiJYcS37PnnX6SK87KdC83rINGW\nr12mrcqVt2HpKRs8mLG6gIVWXmnu6kUmUvSqHtZoXjKBTce/HINOtoTYxqCIEimn\nXExinYqfas6O0OTaczwI/P5mlTb7MI0kQEoZhwIDAQABAoIBAQCWQTCkFKeRz7q2\nXSCHtFhJaPKSub6ZLO1wUwj57xZNmQ9UKF/2ts5ky/W898cQ5/AuEfRoi7NSVhqT\nJq4yTWfKRPRiw1ADbqMnljfkeMvrzgQ7aDl8F8ACfPlqsZN/9UfATmx+4AeYm7lG\nDInTLS3TX2Qb4aOJKTUB6NnIJY+ZgYmIMVQBJGqJiucFY6NAEWkFvkZdjoY5B7zg\ns4LtnsC2ASBViM/NHCJqLa6yMuCZDq1p2AzaUkzEM95YRk6tJbD+Smj8JG/Dxz1h\nyblz2alMcnkIip2JmL0MK5VMQiU/SgEqBTrhKONmVKr2DWx6fMdeLyvAx0ol54lB\na/hIKydxAoGBAM7m2zdNiEKk7b/wZpRSpKh0UPap6o6jCO1ZuWK1HnU+l6Kqdh8O\nNAjOyqWUcRMeVqeUICwEnThjsKJQPDeQam2x2mzzRZOZQQBSUmzZYCRKRW4aMFIg\nvIEajnB60DoIQF0uuvSd+sWa5DsoiMZsFwzEp35ArgKv5JRMbmz4gROZAoGBAO2o\nbdZVFqtrTr4mYdQfFsQKZzLuBFm5yQJLWfGB7L+JDIxhhgcmuqV+cyLWVlpBXBZK\njBodlKXN5pXUZBoxOq1V8thzxTJZGzREaXPz+XR3rxsT4NZn81C39xZ9iswbbDHM\nmvX2qUabeYJH7unvcPNfcOyCBmwhCQrIJoRoAsofAoGBAMnjcDLlf7lwD+IDpUTD\n45HQdhRKturZ4WMg8wmDLCZBnlsGtF4XUOTrS8gIMdHy/6Fjo4TwN62HcRrg6fFa\nBM/nBPjc5J5io4+5xF4cOnkO0/LcsRvif64GiMjuvfJyjMOgTqNU6Bcbzep/4f6k\nCFXYKovCd0l98rBWaEYCsoi5AoGAVUXY202+i5U+NLYa5fyds4u0Ca8jenpR6HPW\n+vPOWc835Grdp1U7JURg1YAojcvj2c+3w2sXugJOGTaTEF7Xmfg74XRwricQvslJ\nOSSyPhrvhny0cNntkOnhS32SPrgcMyYh990gUchZaeibje6vDXQSVZo16bhUwTyd\nrWaQkasCgYEAlHQuy2BtXgkDvzxOVm0gFmQMgJ17Tv66/HbUbo7WwwI/WmRFwqht\nMsVyWGrSB4udNqDGoBzLTg22EuYXPRQ6E1PDVZFADvIZZ4ILmBNTSzGElRjNYjWD\npoKANEK5MJuCYqROXojwj29mOo2xe/fV7PBdbCJM4yVP+PgBaEzBBqA=\n-----END RSA PRIVATE KEY-----\n",
            "private_key_pem_pkcs8": "-----BEGIN PRIVATE KEY-----\nMIIEvwIBADANBgkqhkiG9w0BAQEFAASCBKkwggSlAgEAAoIBAQDAE9k3lCjMh2Kt\nJIL+JE1tbY/BV/TegadFueNkbITo1QafVwqtLV8Ex8+q+pUO8MKnwto3ibGz4HIj\nDOekTEpmqM1o5/2EWFZbrUkfbWTQ6pK+viArY69gbwjDCiwzKC5Tyo3PmJFVQAK5\nrRPv/vdjlzwIZdLnK9QX0XB7mFB9csTSklVWuOT0g8g1XbnNJAwfM2v19vIv/57x\nUAwzLV+EiIlhxLfs+edfpIrzsp0Lzesg0ZavXaatypW3YekpGzyYsbqAhVZeae7q\nRSZS9Koe1mheMoFNx78cg062hNjGoIgSKadcTGKdip9qzo7Q5NpzPAj8/maVNvsw\njSRAShmHAgMBAAECggEBAJZBMKQUp5HPurZdIIe0WElo8pK5vpks7XBTCPnvFk2Z\nD1QoX/a2zmTL9bz3xxDn8C4R9GiLs1JWGpMmrjJNZ8pE9GLDUANuoyeWN+R4y+vO\nBDtoOXwXwAJ8+Wqxk3/1R8BObH7gB5ibuUYMidMtLdNfZBvho4kpNQHo2cglj5mB\niYgxVAEkaomK5wVjo0ARaQW+Rl2OhjkHvOCzgu2ewLYBIFWIz80cImotrrIy4JkO\nrWnYDNpSTMQz3lhGTq0lsP5KaPwkb8PHPWHJuXPZqUxyeQiKnYmYvQwrlUxCJT9K\nASoFOuEo42ZUqvYNbHp8x14vK8DHSiXniUFr+EgrJ3ECgYEAzubbN02IQqTtv/Bm\nlFKkqHRQ9qnqjqMI7Vm5YrUedT6Xoqp2Hw40CM7KpZRxEx5Wp5QgLASdOGOwolA8\nN5BqbbHabPNFk5lBAFJSbNlgJEpFbhowUiC8gRqOcHrQOghAXS669J36xZrkOyiI\nxmwXDMSnfkCuAq/klExubPiBE5kCgYEA7aht1lUWq2tOviZh1B8WxApnMu4EWbnJ\nAktZ8YHsv4kMjGGGBya6pX5zItZWWkFcFkqMGh2Upc3mldRkGjE6rVXy2HPFMlkb\nNERpc/P5dHevGxPg1mfzULf3Fn2KzBtsMcya9fapRpt5gkfu6e9w819w7IIGbCEJ\nCsgmhGgCyh8CgYEAyeNwMuV/uXAP4gOlRMPjkdB2FEq26tnhYyDzCYMsJkGeWwa0\nXhdQ5OtLyAgx0fL/oWOjhPA3rYdxGuDp8VoEz+cE+NzknmKjj7nEXhw6eQ7T8tyx\nG+J/rgaIyO698nKMw6BOo1ToFxvN6n/h/qQIVdgqi8J3SX3ysFZoRgKyiLkCgYBV\nRdjbTb6LlT40thrl/J2zi7QJryN6elHoc9b6885Zzzfkat2nVTslRGDVgCiNy+PZ\nz7fDaxe6Ak4ZNpMQXteZ+DvhdHCuJxC+yUk5JLI+Gu+GfLRw2e2Q6eFLfZI+uBwz\nJiH33SBRyFlp6JuN7q8NdBJVmjXpuFTBPJ2tZpCRqwKBgQCUdC7LYG1eCQO/PE5W\nbSAWZAyAnXtO/rr8dtRujtbDAj9aZEXCqG0yxXJYatIHi502oMagHMtODbYS5hc9\nFDoTU8NVkUAO8hlngguYE1NLMYSVGM1iNYOmgoA0Qrkwm4JipE5eiPCPb2Y6jbF7\n99Xs8F1sIkzjJU/4+AFoTMEGoA==\n-----END PRIVATE KEY-----\n",
            "public_key_fingerprint_md5": "11:e6:18:cf:55:34:35:70:2b:c9:34:8e:6b:d9:fb:ca",
            "public_key_fingerprint_sha256": "SHA256:+LM5yEs4eeIp+8sGRVipOqDqsOUPZXh0g551kzuTRoM",
            "public_key_openssh": "ssh-rsa AAAAB3NzaC1yc2EAAAADAQABAAABAQDAE9k3lCjMh2KtJIL+JE1tbY/BV/TegadFueNkbITo1QafVwqtLV8Ex8+q+pUO8MKnwto3ibGz4HIjDOekTEpmqM1o5/2EWFZbrUkfbWTQ6pK+viArY69gbwjDCiwzKC5Tyo3PmJFVQAK5rRPv/vdjlzwIZdLnK9QX0XB7mFB9csTSklVWuOT0g8g1XbnNJAwfM2v19vIv/57xUAwzLV+EiIlhxLfs+edfpIrzsp0Lzesg0ZavXaatypW3YekpGzyYsbqAhVZeae7qRSZS9Koe1mheMoFNx78cg062hNjGoIgSKadcTGKdip9qzo7Q5NpzPAj8/maVNvswjSRAShmH\n",
            "public_key_pem": "-----BEGIN PUBLIC KEY-----\nMIIBIjANBgkqhkiG9w0BAQEFAAOCAQ8AMIIBCgKCAQEAwBPZN5QozIdirSSC/iRN\nbW2PwVf03oGnRbnjZGyE6NUGn1cKrS1fBMfPqvqVDvDCp8LaN4mxs+ByIwznpExK\nZqjNaOf9hFhWW61JH21k0OqSvr4gK2OvYG8IwwosMyguU8qNz5iRVUACua0T7/73\nY5c8CGXS5yvUF9Fwe5hQfXLE0pJVVrjk9IPINV25zSQMHzNr9fbyL/+e8VAMMy1f\nhIiJYcS37PnnX6SK87KdC83rINGWr12mrcqVt2HpKRs8mLG6gIVWXmnu6kUmUvSq\nHtZoXjKBTce/HINOtoTYxqCIEimnXExinYqfas6O0OTaczwI/P5mlTb7MI0kQEoZ\nhwIDAQAB\n-----END PUBLIC KEY-----\n",
            "rsa_bits": 2048
          },
          "sensitive_attributes": []
        }
      ]
    }
  ],
  "check_results": null
}
